// !$*UTF8*$!
{
	archiveVersion = 1;
	classes = {
	};
	objectVersion = 46;
	objects = {

/* Begin PBXBuildFile section */
		4B009CE71E80FC5300BB5B80 /* MainBtnListModle.m in Sources */ = {isa = PBXBuildFile; fileRef = 4B009CE61E80FC5300BB5B80 /* MainBtnListModle.m */; };
		4B009CEA1E81258000BB5B80 /* BannerListModle.m in Sources */ = {isa = PBXBuildFile; fileRef = 4B009CE91E81258000BB5B80 /* BannerListModle.m */; };
		4B00A2DF1E702E1E0084ADF6 /* XRCarouselView.m in Sources */ = {isa = PBXBuildFile; fileRef = 4B00A2DD1E702E1E0084ADF6 /* XRCarouselView.m */; };
		4B00A2E01E702E1E0084ADF6 /* XRPlaceholder.png in Resources */ = {isa = PBXBuildFile; fileRef = 4B00A2DE1E702E1E0084ADF6 /* XRPlaceholder.png */; };
		4B00A2E31E702F4A0084ADF6 /* MainheadView.m in Sources */ = {isa = PBXBuildFile; fileRef = 4B00A2E21E702F4A0084ADF6 /* MainheadView.m */; };
		4B407C101E828F31004B94A6 /* LoginUser.m in Sources */ = {isa = PBXBuildFile; fileRef = 4B407C0F1E828F31004B94A6 /* LoginUser.m */; };
		4B407C131E82AAC6004B94A6 /* UserInfo.m in Sources */ = {isa = PBXBuildFile; fileRef = 4B407C121E82AAC6004B94A6 /* UserInfo.m */; };
		4B708A751E8384310064CD11 /* InterestModel.m in Sources */ = {isa = PBXBuildFile; fileRef = 4B708A741E8384310064CD11 /* InterestModel.m */; };
		4B7F2D861E77FA0D00832821 /* MyTicketCell.m in Sources */ = {isa = PBXBuildFile; fileRef = 4B7F2D851E77FA0D00832821 /* MyTicketCell.m */; };
		4B7F8C4C1E6FBF6100686040 /* main.m in Sources */ = {isa = PBXBuildFile; fileRef = 4B7F8C4B1E6FBF6100686040 /* main.m */; };
		4B7F8C4F1E6FBF6100686040 /* AppDelegate.m in Sources */ = {isa = PBXBuildFile; fileRef = 4B7F8C4E1E6FBF6100686040 /* AppDelegate.m */; };
		4B7F8C521E6FBF6100686040 /* ViewController.m in Sources */ = {isa = PBXBuildFile; fileRef = 4B7F8C511E6FBF6100686040 /* ViewController.m */; };
		4B7F8C551E6FBF6100686040 /* Main.storyboard in Resources */ = {isa = PBXBuildFile; fileRef = 4B7F8C531E6FBF6100686040 /* Main.storyboard */; };
		4B7F8C571E6FBF6100686040 /* Assets.xcassets in Resources */ = {isa = PBXBuildFile; fileRef = 4B7F8C561E6FBF6100686040 /* Assets.xcassets */; };
		4B7F8C5A1E6FBF6100686040 /* LaunchScreen.storyboard in Resources */ = {isa = PBXBuildFile; fileRef = 4B7F8C581E6FBF6100686040 /* LaunchScreen.storyboard */; };
		4B7F8C6D1E6FE1F700686040 /* NavBar.m in Sources */ = {isa = PBXBuildFile; fileRef = 4B7F8C6C1E6FE1F700686040 /* NavBar.m */; };
		4B7F8C6F1E6FE2B400686040 /* NavBar.xib in Resources */ = {isa = PBXBuildFile; fileRef = 4B7F8C6E1E6FE2B400686040 /* NavBar.xib */; };
		4B7F8C751E6FF51300686040 /* BaseController.m in Sources */ = {isa = PBXBuildFile; fileRef = 4B7F8C741E6FF51300686040 /* BaseController.m */; };
		4B8906A61E81676D006D9A4A /* AFNRequest.m in Sources */ = {isa = PBXBuildFile; fileRef = 4BBB66751E7FC1FC0076201D /* AFNRequest.m */; };
		4B8EA2041E7240030051EC5A /* UserInfoView.m in Sources */ = {isa = PBXBuildFile; fileRef = 4B8EA2031E7240030051EC5A /* UserInfoView.m */; };
		4B8EA2061E7240290051EC5A /* UserInfoView.xib in Resources */ = {isa = PBXBuildFile; fileRef = 4B8EA2051E7240290051EC5A /* UserInfoView.xib */; };
		4B8EA2091E72440C0051EC5A /* UserInfoCell.m in Sources */ = {isa = PBXBuildFile; fileRef = 4B8EA2081E72440C0051EC5A /* UserInfoCell.m */; };
		4B8EA20D1E7278200051EC5A /* LaunchController.m in Sources */ = {isa = PBXBuildFile; fileRef = 4B8EA20C1E7278200051EC5A /* LaunchController.m */; };
		4B8EA2121E7282940051EC5A /* LoginController.m in Sources */ = {isa = PBXBuildFile; fileRef = 4B8EA2111E7282940051EC5A /* LoginController.m */; };
		4B91F7591E88A0B00047F5E8 /* MainProductModle.m in Sources */ = {isa = PBXBuildFile; fileRef = 4B91F7581E88A0B00047F5E8 /* MainProductModle.m */; };
		4B94CD251E8A449E00CBAE36 /* MyTicketModle.m in Sources */ = {isa = PBXBuildFile; fileRef = 4B94CD241E8A449E00CBAE36 /* MyTicketModle.m */; };
		4B9E44351E8643CD00B4FABD /* MJRefreshAutoFooter.m in Sources */ = {isa = PBXBuildFile; fileRef = 4B9E44091E8643CD00B4FABD /* MJRefreshAutoFooter.m */; };
		4B9E44361E8643CD00B4FABD /* MJRefreshBackFooter.m in Sources */ = {isa = PBXBuildFile; fileRef = 4B9E440B1E8643CD00B4FABD /* MJRefreshBackFooter.m */; };
		4B9E44371E8643CD00B4FABD /* MJRefreshComponent.m in Sources */ = {isa = PBXBuildFile; fileRef = 4B9E440D1E8643CD00B4FABD /* MJRefreshComponent.m */; };
		4B9E44381E8643CD00B4FABD /* MJRefreshFooter.m in Sources */ = {isa = PBXBuildFile; fileRef = 4B9E440F1E8643CD00B4FABD /* MJRefreshFooter.m */; };
		4B9E44391E8643CD00B4FABD /* MJRefreshHeader.m in Sources */ = {isa = PBXBuildFile; fileRef = 4B9E44111E8643CD00B4FABD /* MJRefreshHeader.m */; };
		4B9E443A1E8643CD00B4FABD /* MJRefreshAutoGifFooter.m in Sources */ = {isa = PBXBuildFile; fileRef = 4B9E44161E8643CD00B4FABD /* MJRefreshAutoGifFooter.m */; };
		4B9E443B1E8643CD00B4FABD /* MJRefreshAutoNormalFooter.m in Sources */ = {isa = PBXBuildFile; fileRef = 4B9E44181E8643CD00B4FABD /* MJRefreshAutoNormalFooter.m */; };
		4B9E443C1E8643CD00B4FABD /* MJRefreshAutoStateFooter.m in Sources */ = {isa = PBXBuildFile; fileRef = 4B9E441A1E8643CD00B4FABD /* MJRefreshAutoStateFooter.m */; };
		4B9E443D1E8643CD00B4FABD /* MJRefreshBackGifFooter.m in Sources */ = {isa = PBXBuildFile; fileRef = 4B9E441D1E8643CD00B4FABD /* MJRefreshBackGifFooter.m */; };
		4B9E443E1E8643CD00B4FABD /* MJRefreshBackNormalFooter.m in Sources */ = {isa = PBXBuildFile; fileRef = 4B9E441F1E8643CD00B4FABD /* MJRefreshBackNormalFooter.m */; };
		4B9E443F1E8643CD00B4FABD /* MJRefreshBackStateFooter.m in Sources */ = {isa = PBXBuildFile; fileRef = 4B9E44211E8643CD00B4FABD /* MJRefreshBackStateFooter.m */; };
		4B9E44401E8643CD00B4FABD /* MJRefreshGifHeader.m in Sources */ = {isa = PBXBuildFile; fileRef = 4B9E44241E8643CD00B4FABD /* MJRefreshGifHeader.m */; };
		4B9E44411E8643CD00B4FABD /* MJRefreshNormalHeader.m in Sources */ = {isa = PBXBuildFile; fileRef = 4B9E44261E8643CD00B4FABD /* MJRefreshNormalHeader.m */; };
		4B9E44421E8643CD00B4FABD /* MJRefreshStateHeader.m in Sources */ = {isa = PBXBuildFile; fileRef = 4B9E44281E8643CD00B4FABD /* MJRefreshStateHeader.m */; };
		4B9E44431E8643CD00B4FABD /* MJRefresh.bundle in Resources */ = {isa = PBXBuildFile; fileRef = 4B9E44291E8643CD00B4FABD /* MJRefresh.bundle */; };
		4B9E44441E8643CD00B4FABD /* MJRefreshConst.m in Sources */ = {isa = PBXBuildFile; fileRef = 4B9E442C1E8643CD00B4FABD /* MJRefreshConst.m */; };
		4B9E44451E8643CD00B4FABD /* NSBundle+MJRefresh.m in Sources */ = {isa = PBXBuildFile; fileRef = 4B9E442E1E8643CD00B4FABD /* NSBundle+MJRefresh.m */; };
		4B9E44461E8643CD00B4FABD /* UIScrollView+MJExtension.m in Sources */ = {isa = PBXBuildFile; fileRef = 4B9E44301E8643CD00B4FABD /* UIScrollView+MJExtension.m */; };
		4B9E44471E8643CD00B4FABD /* UIScrollView+MJRefresh.m in Sources */ = {isa = PBXBuildFile; fileRef = 4B9E44321E8643CD00B4FABD /* UIScrollView+MJRefresh.m */; };
		4B9E44481E8643CD00B4FABD /* UIView+MJExtension.m in Sources */ = {isa = PBXBuildFile; fileRef = 4B9E44341E8643CD00B4FABD /* UIView+MJExtension.m */; };
		4BA157131E762E2E0087D279 /* InterestController.m in Sources */ = {isa = PBXBuildFile; fileRef = 4BA157121E762E2E0087D279 /* InterestController.m */; };
		4BA157161E7636BB0087D279 /* InterestCell.m in Sources */ = {isa = PBXBuildFile; fileRef = 4BA157151E7636BB0087D279 /* InterestCell.m */; };
		4BA1571A1E766BEE0087D279 /* ChangeUserInfoController.m in Sources */ = {isa = PBXBuildFile; fileRef = 4BA157191E766BEE0087D279 /* ChangeUserInfoController.m */; };
		4BA157201E766C580087D279 /* AccountManagementController.m in Sources */ = {isa = PBXBuildFile; fileRef = 4BA1571F1E766C580087D279 /* AccountManagementController.m */; };
		4BA157231E766C7C0087D279 /* MyTicketController.m in Sources */ = {isa = PBXBuildFile; fileRef = 4BA157221E766C7C0087D279 /* MyTicketController.m */; };
		4BA157291E769BB60087D279 /* ChooseGenderView.m in Sources */ = {isa = PBXBuildFile; fileRef = 4BA157281E769BB60087D279 /* ChooseGenderView.m */; };
		4BA1572C1E769BD70087D279 /* ChooseBirthdayView.m in Sources */ = {isa = PBXBuildFile; fileRef = 4BA1572B1E769BD70087D279 /* ChooseBirthdayView.m */; };
		4BA1572F1E769BEA0087D279 /* ChooseAdressView.m in Sources */ = {isa = PBXBuildFile; fileRef = 4BA1572E1E769BEA0087D279 /* ChooseAdressView.m */; };
		4BA1F02F1E731BA500B4EED4 /* IQNSArray+Sort.m in Sources */ = {isa = PBXBuildFile; fileRef = 4BA1F00D1E731BA500B4EED4 /* IQNSArray+Sort.m */; };
		4BA1F0301E731BA500B4EED4 /* IQUIScrollView+Additions.m in Sources */ = {isa = PBXBuildFile; fileRef = 4BA1F00F1E731BA500B4EED4 /* IQUIScrollView+Additions.m */; };
		4BA1F0311E731BA500B4EED4 /* IQUITextFieldView+Additions.m in Sources */ = {isa = PBXBuildFile; fileRef = 4BA1F0111E731BA500B4EED4 /* IQUITextFieldView+Additions.m */; };
		4BA1F0321E731BA500B4EED4 /* IQUIView+Hierarchy.m in Sources */ = {isa = PBXBuildFile; fileRef = 4BA1F0131E731BA500B4EED4 /* IQUIView+Hierarchy.m */; };
		4BA1F0331E731BA500B4EED4 /* IQUIViewController+Additions.m in Sources */ = {isa = PBXBuildFile; fileRef = 4BA1F0151E731BA500B4EED4 /* IQUIViewController+Additions.m */; };
		4BA1F0341E731BA500B4EED4 /* IQUIWindow+Hierarchy.m in Sources */ = {isa = PBXBuildFile; fileRef = 4BA1F0171E731BA500B4EED4 /* IQUIWindow+Hierarchy.m */; };
		4BA1F0351E731BA500B4EED4 /* IQKeyboardManager.m in Sources */ = {isa = PBXBuildFile; fileRef = 4BA1F01C1E731BA500B4EED4 /* IQKeyboardManager.m */; };
		4BA1F0361E731BA500B4EED4 /* IQKeyboardReturnKeyHandler.m in Sources */ = {isa = PBXBuildFile; fileRef = 4BA1F01E1E731BA500B4EED4 /* IQKeyboardReturnKeyHandler.m */; };
		4BA1F0371E731BA500B4EED4 /* IQTextView.m in Sources */ = {isa = PBXBuildFile; fileRef = 4BA1F0211E731BA500B4EED4 /* IQTextView.m */; };
		4BA1F0381E731BA500B4EED4 /* IQBarButtonItem.m in Sources */ = {isa = PBXBuildFile; fileRef = 4BA1F0241E731BA500B4EED4 /* IQBarButtonItem.m */; };
		4BA1F0391E731BA500B4EED4 /* IQPreviousNextView.m in Sources */ = {isa = PBXBuildFile; fileRef = 4BA1F0261E731BA500B4EED4 /* IQPreviousNextView.m */; };
		4BA1F03A1E731BA500B4EED4 /* IQTitleBarButtonItem.m in Sources */ = {isa = PBXBuildFile; fileRef = 4BA1F0281E731BA500B4EED4 /* IQTitleBarButtonItem.m */; };
		4BA1F03B1E731BA500B4EED4 /* IQToolbar.m in Sources */ = {isa = PBXBuildFile; fileRef = 4BA1F02A1E731BA500B4EED4 /* IQToolbar.m */; };
		4BA1F03C1E731BA500B4EED4 /* IQUIView+IQKeyboardToolbar.m in Sources */ = {isa = PBXBuildFile; fileRef = 4BA1F02C1E731BA500B4EED4 /* IQUIView+IQKeyboardToolbar.m */; };
		4BA1F03D1E731BA500B4EED4 /* IQKeyboardManager.bundle in Resources */ = {isa = PBXBuildFile; fileRef = 4BA1F02E1E731BA500B4EED4 /* IQKeyboardManager.bundle */; };
		4BAF8F2A1E821CDE009FE028 /* BlackWebController.m in Sources */ = {isa = PBXBuildFile; fileRef = 4BAF8F291E821CDE009FE028 /* BlackWebController.m */; };
		4BAF8F2E1E825C9A009FE028 /* ChooseHeadTypeView.m in Sources */ = {isa = PBXBuildFile; fileRef = 4BAF8F2D1E825C9A009FE028 /* ChooseHeadTypeView.m */; };
		4BB0761D1E70EA8E00D8DF4B /* MainBtnView.m in Sources */ = {isa = PBXBuildFile; fileRef = 4BB0761C1E70EA8E00D8DF4B /* MainBtnView.m */; };
		4BB0761F1E70EAA100D8DF4B /* MainBtnView.xib in Resources */ = {isa = PBXBuildFile; fileRef = 4BB0761E1E70EAA100D8DF4B /* MainBtnView.xib */; };
		4BB076231E712DD300D8DF4B /* MainCell.m in Sources */ = {isa = PBXBuildFile; fileRef = 4BB076221E712DD300D8DF4B /* MainCell.m */; };
		4BB0762B1E71427100D8DF4B /* UserInfoController.m in Sources */ = {isa = PBXBuildFile; fileRef = 4BB0762A1E71427100D8DF4B /* UserInfoController.m */; };
		4BBB66261E7FBDFE0076201D /* AFHTTPSessionManager.m in Sources */ = {isa = PBXBuildFile; fileRef = 4BBB65F81E7FBDFD0076201D /* AFHTTPSessionManager.m */; };
		4BBB66271E7FBDFE0076201D /* AFNetworkReachabilityManager.m in Sources */ = {isa = PBXBuildFile; fileRef = 4BBB65FB1E7FBDFD0076201D /* AFNetworkReachabilityManager.m */; };
		4BBB66281E7FBDFE0076201D /* AFSecurityPolicy.m in Sources */ = {isa = PBXBuildFile; fileRef = 4BBB65FD1E7FBDFD0076201D /* AFSecurityPolicy.m */; };
		4BBB66291E7FBDFE0076201D /* AFURLRequestSerialization.m in Sources */ = {isa = PBXBuildFile; fileRef = 4BBB65FF1E7FBDFD0076201D /* AFURLRequestSerialization.m */; };
		4BBB662A1E7FBDFE0076201D /* AFURLResponseSerialization.m in Sources */ = {isa = PBXBuildFile; fileRef = 4BBB66011E7FBDFD0076201D /* AFURLResponseSerialization.m */; };
		4BBB662B1E7FBDFE0076201D /* AFURLSessionManager.m in Sources */ = {isa = PBXBuildFile; fileRef = 4BBB66031E7FBDFD0076201D /* AFURLSessionManager.m */; };
		4BBB668B1E7FD15F0076201D /* SVProgressHUD.bundle in Resources */ = {isa = PBXBuildFile; fileRef = 4BBB66881E7FD15F0076201D /* SVProgressHUD.bundle */; };
		4BBB668C1E7FD15F0076201D /* SVProgressHUD.m in Sources */ = {isa = PBXBuildFile; fileRef = 4BBB668A1E7FD15F0076201D /* SVProgressHUD.m */; };
		4BCC61A11E7792E7002C7FF9 /* AddressItem.m in Sources */ = {isa = PBXBuildFile; fileRef = 4BCC61A01E7792E7002C7FF9 /* AddressItem.m */; };
		4BCC61AB1E77934C002C7FF9 /* AddressTableViewCell.m in Sources */ = {isa = PBXBuildFile; fileRef = 4BCC61A51E77934C002C7FF9 /* AddressTableViewCell.m */; };
		4BCC61AC1E77934C002C7FF9 /* AddressTableViewCell.xib in Resources */ = {isa = PBXBuildFile; fileRef = 4BCC61A61E77934C002C7FF9 /* AddressTableViewCell.xib */; };
		4BCC61AD1E77934C002C7FF9 /* AddressView.m in Sources */ = {isa = PBXBuildFile; fileRef = 4BCC61A81E77934C002C7FF9 /* AddressView.m */; };
		4BCC61AE1E77934C002C7FF9 /* ChooseLocationView.m in Sources */ = {isa = PBXBuildFile; fileRef = 4BCC61AA1E77934C002C7FF9 /* ChooseLocationView.m */; };
		4BCC61B21E77938E002C7FF9 /* UIView+Frame.m in Sources */ = {isa = PBXBuildFile; fileRef = 4BCC61B11E77938E002C7FF9 /* UIView+Frame.m */; };
		4BCC61C01E7793AC002C7FF9 /* FMDatabase.m in Sources */ = {isa = PBXBuildFile; fileRef = 4BCC61B51E7793AC002C7FF9 /* FMDatabase.m */; };
		4BCC61C11E7793AC002C7FF9 /* FMDatabaseAdditions.m in Sources */ = {isa = PBXBuildFile; fileRef = 4BCC61B71E7793AC002C7FF9 /* FMDatabaseAdditions.m */; };
		4BCC61C21E7793AC002C7FF9 /* FMDatabasePool.m in Sources */ = {isa = PBXBuildFile; fileRef = 4BCC61B91E7793AC002C7FF9 /* FMDatabasePool.m */; };
		4BCC61C31E7793AC002C7FF9 /* FMDatabaseQueue.m in Sources */ = {isa = PBXBuildFile; fileRef = 4BCC61BB1E7793AC002C7FF9 /* FMDatabaseQueue.m */; };
		4BCC61C41E7793AC002C7FF9 /* FMResultSet.m in Sources */ = {isa = PBXBuildFile; fileRef = 4BCC61BE1E7793AC002C7FF9 /* FMResultSet.m */; };
		4BCC61C51E7793AC002C7FF9 /* Info.plist in Resources */ = {isa = PBXBuildFile; fileRef = 4BCC61BF1E7793AC002C7FF9 /* Info.plist */; };
		4BCC61C91E7793DB002C7FF9 /* CitiesDataTool.m in Sources */ = {isa = PBXBuildFile; fileRef = 4BCC61C81E7793DB002C7FF9 /* CitiesDataTool.m */; };
		4BCC61CB1E779492002C7FF9 /* libsqlite3.0.tbd in Frameworks */ = {isa = PBXBuildFile; fileRef = 4BCC61CA1E779492002C7FF9 /* libsqlite3.0.tbd */; };
		4BCC61CD1E779538002C7FF9 /* Cities.json in Resources */ = {isa = PBXBuildFile; fileRef = 4BCC61CC1E779538002C7FF9 /* Cities.json */; };
		4BE874371E80C27A004F174E /* ImageIO.framework in Frameworks */ = {isa = PBXBuildFile; fileRef = 4BE872DE1E80BF4B004F174E /* ImageIO.framework */; };
		4BE874381E80C282004F174E /* MapKit.framework in Frameworks */ = {isa = PBXBuildFile; fileRef = 4BE872DC1E80BF3A004F174E /* MapKit.framework */; };
		4BE8745B1E80C415004F174E /* MKAnnotationView+WebCache.m in Sources */ = {isa = PBXBuildFile; fileRef = 4BE8743B1E80C415004F174E /* MKAnnotationView+WebCache.m */; };
		4BE8745C1E80C415004F174E /* NSData+ImageContentType.m in Sources */ = {isa = PBXBuildFile; fileRef = 4BE8743D1E80C415004F174E /* NSData+ImageContentType.m */; };
		4BE8745D1E80C415004F174E /* SDImageCache.m in Sources */ = {isa = PBXBuildFile; fileRef = 4BE8743F1E80C415004F174E /* SDImageCache.m */; };
		4BE8745E1E80C415004F174E /* SDWebImageCompat.m in Sources */ = {isa = PBXBuildFile; fileRef = 4BE874411E80C415004F174E /* SDWebImageCompat.m */; };
		4BE8745F1E80C415004F174E /* SDWebImageDecoder.m in Sources */ = {isa = PBXBuildFile; fileRef = 4BE874431E80C415004F174E /* SDWebImageDecoder.m */; };
		4BE874601E80C415004F174E /* SDWebImageDownloader.m in Sources */ = {isa = PBXBuildFile; fileRef = 4BE874451E80C415004F174E /* SDWebImageDownloader.m */; };
		4BE874611E80C415004F174E /* SDWebImageDownloaderOperation.m in Sources */ = {isa = PBXBuildFile; fileRef = 4BE874471E80C415004F174E /* SDWebImageDownloaderOperation.m */; };
		4BE874621E80C415004F174E /* SDWebImageManager.m in Sources */ = {isa = PBXBuildFile; fileRef = 4BE874491E80C415004F174E /* SDWebImageManager.m */; };
		4BE874631E80C415004F174E /* SDWebImagePrefetcher.m in Sources */ = {isa = PBXBuildFile; fileRef = 4BE8744C1E80C415004F174E /* SDWebImagePrefetcher.m */; };
		4BE874641E80C415004F174E /* UIButton+WebCache.m in Sources */ = {isa = PBXBuildFile; fileRef = 4BE8744E1E80C415004F174E /* UIButton+WebCache.m */; };
		4BE874651E80C415004F174E /* UIImage+GIF.m in Sources */ = {isa = PBXBuildFile; fileRef = 4BE874501E80C415004F174E /* UIImage+GIF.m */; };
		4BE874661E80C415004F174E /* UIImage+MultiFormat.m in Sources */ = {isa = PBXBuildFile; fileRef = 4BE874521E80C415004F174E /* UIImage+MultiFormat.m */; };
		4BE874671E80C415004F174E /* UIImage+WebP.m in Sources */ = {isa = PBXBuildFile; fileRef = 4BE874541E80C415004F174E /* UIImage+WebP.m */; };
		4BE874681E80C415004F174E /* UIImageView+HighlightedWebCache.m in Sources */ = {isa = PBXBuildFile; fileRef = 4BE874561E80C415004F174E /* UIImageView+HighlightedWebCache.m */; };
		4BE874691E80C415004F174E /* UIImageView+WebCache.m in Sources */ = {isa = PBXBuildFile; fileRef = 4BE874581E80C415004F174E /* UIImageView+WebCache.m */; };
		4BE8746A1E80C415004F174E /* UIView+WebCacheOperation.m in Sources */ = {isa = PBXBuildFile; fileRef = 4BE8745A1E80C415004F174E /* UIView+WebCacheOperation.m */; };
/* End PBXBuildFile section */

/* Begin PBXFileReference section */
		4B009CE51E80FC5300BB5B80 /* MainBtnListModle.h */ = {isa = PBXFileReference; fileEncoding = 4; lastKnownFileType = sourcecode.c.h; path = MainBtnListModle.h; sourceTree = "<group>"; };
		4B009CE61E80FC5300BB5B80 /* MainBtnListModle.m */ = {isa = PBXFileReference; fileEncoding = 4; lastKnownFileType = sourcecode.c.objc; path = MainBtnListModle.m; sourceTree = "<group>"; };
		4B009CE81E81258000BB5B80 /* BannerListModle.h */ = {isa = PBXFileReference; fileEncoding = 4; lastKnownFileType = sourcecode.c.h; path = BannerListModle.h; sourceTree = "<group>"; };
		4B009CE91E81258000BB5B80 /* BannerListModle.m */ = {isa = PBXFileReference; fileEncoding = 4; lastKnownFileType = sourcecode.c.objc; path = BannerListModle.m; sourceTree = "<group>"; };
		4B00A2DC1E702E1E0084ADF6 /* XRCarouselView.h */ = {isa = PBXFileReference; fileEncoding = 4; lastKnownFileType = sourcecode.c.h; path = XRCarouselView.h; sourceTree = "<group>"; };
		4B00A2DD1E702E1E0084ADF6 /* XRCarouselView.m */ = {isa = PBXFileReference; fileEncoding = 4; lastKnownFileType = sourcecode.c.objc; path = XRCarouselView.m; sourceTree = "<group>"; };
		4B00A2DE1E702E1E0084ADF6 /* XRPlaceholder.png */ = {isa = PBXFileReference; lastKnownFileType = image.png; path = XRPlaceholder.png; sourceTree = "<group>"; };
		4B00A2E11E702F4A0084ADF6 /* MainheadView.h */ = {isa = PBXFileReference; fileEncoding = 4; lastKnownFileType = sourcecode.c.h; path = MainheadView.h; sourceTree = "<group>"; };
		4B00A2E21E702F4A0084ADF6 /* MainheadView.m */ = {isa = PBXFileReference; fileEncoding = 4; lastKnownFileType = sourcecode.c.objc; path = MainheadView.m; sourceTree = "<group>"; };
		4B407C0E1E828F31004B94A6 /* LoginUser.h */ = {isa = PBXFileReference; fileEncoding = 4; lastKnownFileType = sourcecode.c.h; path = LoginUser.h; sourceTree = "<group>"; };
		4B407C0F1E828F31004B94A6 /* LoginUser.m */ = {isa = PBXFileReference; fileEncoding = 4; lastKnownFileType = sourcecode.c.objc; path = LoginUser.m; sourceTree = "<group>"; };
		4B407C111E82AAC6004B94A6 /* UserInfo.h */ = {isa = PBXFileReference; fileEncoding = 4; lastKnownFileType = sourcecode.c.h; path = UserInfo.h; sourceTree = "<group>"; };
		4B407C121E82AAC6004B94A6 /* UserInfo.m */ = {isa = PBXFileReference; fileEncoding = 4; lastKnownFileType = sourcecode.c.objc; path = UserInfo.m; sourceTree = "<group>"; };
		4B708A731E8384310064CD11 /* InterestModel.h */ = {isa = PBXFileReference; fileEncoding = 4; lastKnownFileType = sourcecode.c.h; path = InterestModel.h; sourceTree = "<group>"; };
		4B708A741E8384310064CD11 /* InterestModel.m */ = {isa = PBXFileReference; fileEncoding = 4; lastKnownFileType = sourcecode.c.objc; path = InterestModel.m; sourceTree = "<group>"; };
		4B7F2D841E77FA0D00832821 /* MyTicketCell.h */ = {isa = PBXFileReference; fileEncoding = 4; lastKnownFileType = sourcecode.c.h; path = MyTicketCell.h; sourceTree = "<group>"; };
		4B7F2D851E77FA0D00832821 /* MyTicketCell.m */ = {isa = PBXFileReference; fileEncoding = 4; lastKnownFileType = sourcecode.c.objc; path = MyTicketCell.m; sourceTree = "<group>"; };
		4B7F8C471E6FBF6100686040 /* blackmad.app */ = {isa = PBXFileReference; explicitFileType = wrapper.application; includeInIndex = 0; path = blackmad.app; sourceTree = BUILT_PRODUCTS_DIR; };
		4B7F8C4B1E6FBF6100686040 /* main.m */ = {isa = PBXFileReference; lastKnownFileType = sourcecode.c.objc; path = main.m; sourceTree = "<group>"; };
		4B7F8C4D1E6FBF6100686040 /* AppDelegate.h */ = {isa = PBXFileReference; lastKnownFileType = sourcecode.c.h; path = AppDelegate.h; sourceTree = "<group>"; };
		4B7F8C4E1E6FBF6100686040 /* AppDelegate.m */ = {isa = PBXFileReference; lastKnownFileType = sourcecode.c.objc; path = AppDelegate.m; sourceTree = "<group>"; };
		4B7F8C501E6FBF6100686040 /* ViewController.h */ = {isa = PBXFileReference; lastKnownFileType = sourcecode.c.h; path = ViewController.h; sourceTree = "<group>"; };
		4B7F8C511E6FBF6100686040 /* ViewController.m */ = {isa = PBXFileReference; lastKnownFileType = sourcecode.c.objc; path = ViewController.m; sourceTree = "<group>"; };
		4B7F8C541E6FBF6100686040 /* Base */ = {isa = PBXFileReference; lastKnownFileType = file.storyboard; name = Base; path = Base.lproj/Main.storyboard; sourceTree = "<group>"; };
		4B7F8C561E6FBF6100686040 /* Assets.xcassets */ = {isa = PBXFileReference; lastKnownFileType = folder.assetcatalog; path = Assets.xcassets; sourceTree = "<group>"; };
		4B7F8C591E6FBF6100686040 /* Base */ = {isa = PBXFileReference; lastKnownFileType = file.storyboard; name = Base; path = Base.lproj/LaunchScreen.storyboard; sourceTree = "<group>"; };
		4B7F8C5B1E6FBF6100686040 /* Info.plist */ = {isa = PBXFileReference; lastKnownFileType = text.plist.xml; path = Info.plist; sourceTree = "<group>"; };
		4B7F8C6B1E6FE1F700686040 /* NavBar.h */ = {isa = PBXFileReference; fileEncoding = 4; lastKnownFileType = sourcecode.c.h; path = NavBar.h; sourceTree = "<group>"; };
		4B7F8C6C1E6FE1F700686040 /* NavBar.m */ = {isa = PBXFileReference; fileEncoding = 4; lastKnownFileType = sourcecode.c.objc; path = NavBar.m; sourceTree = "<group>"; };
		4B7F8C6E1E6FE2B400686040 /* NavBar.xib */ = {isa = PBXFileReference; fileEncoding = 4; lastKnownFileType = file.xib; path = NavBar.xib; sourceTree = "<group>"; };
		4B7F8C731E6FF51300686040 /* BaseController.h */ = {isa = PBXFileReference; fileEncoding = 4; lastKnownFileType = sourcecode.c.h; path = BaseController.h; sourceTree = "<group>"; };
		4B7F8C741E6FF51300686040 /* BaseController.m */ = {isa = PBXFileReference; fileEncoding = 4; lastKnownFileType = sourcecode.c.objc; path = BaseController.m; sourceTree = "<group>"; };
		4B7F8C761E6FFDFD00686040 /* PrefixHeader.pch */ = {isa = PBXFileReference; lastKnownFileType = sourcecode.c.h; path = PrefixHeader.pch; sourceTree = "<group>"; };
		4B8EA2021E7240030051EC5A /* UserInfoView.h */ = {isa = PBXFileReference; fileEncoding = 4; lastKnownFileType = sourcecode.c.h; path = UserInfoView.h; sourceTree = "<group>"; };
		4B8EA2031E7240030051EC5A /* UserInfoView.m */ = {isa = PBXFileReference; fileEncoding = 4; lastKnownFileType = sourcecode.c.objc; path = UserInfoView.m; sourceTree = "<group>"; };
		4B8EA2051E7240290051EC5A /* UserInfoView.xib */ = {isa = PBXFileReference; fileEncoding = 4; lastKnownFileType = file.xib; path = UserInfoView.xib; sourceTree = "<group>"; };
		4B8EA2071E72440C0051EC5A /* UserInfoCell.h */ = {isa = PBXFileReference; fileEncoding = 4; lastKnownFileType = sourcecode.c.h; path = UserInfoCell.h; sourceTree = "<group>"; };
		4B8EA2081E72440C0051EC5A /* UserInfoCell.m */ = {isa = PBXFileReference; fileEncoding = 4; lastKnownFileType = sourcecode.c.objc; path = UserInfoCell.m; sourceTree = "<group>"; };
		4B8EA20B1E7278200051EC5A /* LaunchController.h */ = {isa = PBXFileReference; fileEncoding = 4; lastKnownFileType = sourcecode.c.h; path = LaunchController.h; sourceTree = "<group>"; };
		4B8EA20C1E7278200051EC5A /* LaunchController.m */ = {isa = PBXFileReference; fileEncoding = 4; lastKnownFileType = sourcecode.c.objc; path = LaunchController.m; sourceTree = "<group>"; };
		4B8EA2101E7282940051EC5A /* LoginController.h */ = {isa = PBXFileReference; fileEncoding = 4; lastKnownFileType = sourcecode.c.h; path = LoginController.h; sourceTree = "<group>"; };
		4B8EA2111E7282940051EC5A /* LoginController.m */ = {isa = PBXFileReference; fileEncoding = 4; lastKnownFileType = sourcecode.c.objc; path = LoginController.m; sourceTree = "<group>"; };
		4B91F7571E88A0B00047F5E8 /* MainProductModle.h */ = {isa = PBXFileReference; fileEncoding = 4; lastKnownFileType = sourcecode.c.h; path = MainProductModle.h; sourceTree = "<group>"; };
		4B91F7581E88A0B00047F5E8 /* MainProductModle.m */ = {isa = PBXFileReference; fileEncoding = 4; lastKnownFileType = sourcecode.c.objc; path = MainProductModle.m; sourceTree = "<group>"; };
		4B94CD231E8A449E00CBAE36 /* MyTicketModle.h */ = {isa = PBXFileReference; fileEncoding = 4; lastKnownFileType = sourcecode.c.h; path = MyTicketModle.h; sourceTree = "<group>"; };
		4B94CD241E8A449E00CBAE36 /* MyTicketModle.m */ = {isa = PBXFileReference; fileEncoding = 4; lastKnownFileType = sourcecode.c.objc; path = MyTicketModle.m; sourceTree = "<group>"; };
		4B9E44081E8643CD00B4FABD /* MJRefreshAutoFooter.h */ = {isa = PBXFileReference; fileEncoding = 4; lastKnownFileType = sourcecode.c.h; path = MJRefreshAutoFooter.h; sourceTree = "<group>"; };
		4B9E44091E8643CD00B4FABD /* MJRefreshAutoFooter.m */ = {isa = PBXFileReference; fileEncoding = 4; lastKnownFileType = sourcecode.c.objc; path = MJRefreshAutoFooter.m; sourceTree = "<group>"; };
		4B9E440A1E8643CD00B4FABD /* MJRefreshBackFooter.h */ = {isa = PBXFileReference; fileEncoding = 4; lastKnownFileType = sourcecode.c.h; path = MJRefreshBackFooter.h; sourceTree = "<group>"; };
		4B9E440B1E8643CD00B4FABD /* MJRefreshBackFooter.m */ = {isa = PBXFileReference; fileEncoding = 4; lastKnownFileType = sourcecode.c.objc; path = MJRefreshBackFooter.m; sourceTree = "<group>"; };
		4B9E440C1E8643CD00B4FABD /* MJRefreshComponent.h */ = {isa = PBXFileReference; fileEncoding = 4; lastKnownFileType = sourcecode.c.h; path = MJRefreshComponent.h; sourceTree = "<group>"; };
		4B9E440D1E8643CD00B4FABD /* MJRefreshComponent.m */ = {isa = PBXFileReference; fileEncoding = 4; lastKnownFileType = sourcecode.c.objc; path = MJRefreshComponent.m; sourceTree = "<group>"; };
		4B9E440E1E8643CD00B4FABD /* MJRefreshFooter.h */ = {isa = PBXFileReference; fileEncoding = 4; lastKnownFileType = sourcecode.c.h; path = MJRefreshFooter.h; sourceTree = "<group>"; };
		4B9E440F1E8643CD00B4FABD /* MJRefreshFooter.m */ = {isa = PBXFileReference; fileEncoding = 4; lastKnownFileType = sourcecode.c.objc; path = MJRefreshFooter.m; sourceTree = "<group>"; };
		4B9E44101E8643CD00B4FABD /* MJRefreshHeader.h */ = {isa = PBXFileReference; fileEncoding = 4; lastKnownFileType = sourcecode.c.h; path = MJRefreshHeader.h; sourceTree = "<group>"; };
		4B9E44111E8643CD00B4FABD /* MJRefreshHeader.m */ = {isa = PBXFileReference; fileEncoding = 4; lastKnownFileType = sourcecode.c.objc; path = MJRefreshHeader.m; sourceTree = "<group>"; };
		4B9E44151E8643CD00B4FABD /* MJRefreshAutoGifFooter.h */ = {isa = PBXFileReference; fileEncoding = 4; lastKnownFileType = sourcecode.c.h; path = MJRefreshAutoGifFooter.h; sourceTree = "<group>"; };
		4B9E44161E8643CD00B4FABD /* MJRefreshAutoGifFooter.m */ = {isa = PBXFileReference; fileEncoding = 4; lastKnownFileType = sourcecode.c.objc; path = MJRefreshAutoGifFooter.m; sourceTree = "<group>"; };
		4B9E44171E8643CD00B4FABD /* MJRefreshAutoNormalFooter.h */ = {isa = PBXFileReference; fileEncoding = 4; lastKnownFileType = sourcecode.c.h; path = MJRefreshAutoNormalFooter.h; sourceTree = "<group>"; };
		4B9E44181E8643CD00B4FABD /* MJRefreshAutoNormalFooter.m */ = {isa = PBXFileReference; fileEncoding = 4; lastKnownFileType = sourcecode.c.objc; path = MJRefreshAutoNormalFooter.m; sourceTree = "<group>"; };
		4B9E44191E8643CD00B4FABD /* MJRefreshAutoStateFooter.h */ = {isa = PBXFileReference; fileEncoding = 4; lastKnownFileType = sourcecode.c.h; path = MJRefreshAutoStateFooter.h; sourceTree = "<group>"; };
		4B9E441A1E8643CD00B4FABD /* MJRefreshAutoStateFooter.m */ = {isa = PBXFileReference; fileEncoding = 4; lastKnownFileType = sourcecode.c.objc; path = MJRefreshAutoStateFooter.m; sourceTree = "<group>"; };
		4B9E441C1E8643CD00B4FABD /* MJRefreshBackGifFooter.h */ = {isa = PBXFileReference; fileEncoding = 4; lastKnownFileType = sourcecode.c.h; path = MJRefreshBackGifFooter.h; sourceTree = "<group>"; };
		4B9E441D1E8643CD00B4FABD /* MJRefreshBackGifFooter.m */ = {isa = PBXFileReference; fileEncoding = 4; lastKnownFileType = sourcecode.c.objc; path = MJRefreshBackGifFooter.m; sourceTree = "<group>"; };
		4B9E441E1E8643CD00B4FABD /* MJRefreshBackNormalFooter.h */ = {isa = PBXFileReference; fileEncoding = 4; lastKnownFileType = sourcecode.c.h; path = MJRefreshBackNormalFooter.h; sourceTree = "<group>"; };
		4B9E441F1E8643CD00B4FABD /* MJRefreshBackNormalFooter.m */ = {isa = PBXFileReference; fileEncoding = 4; lastKnownFileType = sourcecode.c.objc; path = MJRefreshBackNormalFooter.m; sourceTree = "<group>"; };
		4B9E44201E8643CD00B4FABD /* MJRefreshBackStateFooter.h */ = {isa = PBXFileReference; fileEncoding = 4; lastKnownFileType = sourcecode.c.h; path = MJRefreshBackStateFooter.h; sourceTree = "<group>"; };
		4B9E44211E8643CD00B4FABD /* MJRefreshBackStateFooter.m */ = {isa = PBXFileReference; fileEncoding = 4; lastKnownFileType = sourcecode.c.objc; path = MJRefreshBackStateFooter.m; sourceTree = "<group>"; };
		4B9E44231E8643CD00B4FABD /* MJRefreshGifHeader.h */ = {isa = PBXFileReference; fileEncoding = 4; lastKnownFileType = sourcecode.c.h; path = MJRefreshGifHeader.h; sourceTree = "<group>"; };
		4B9E44241E8643CD00B4FABD /* MJRefreshGifHeader.m */ = {isa = PBXFileReference; fileEncoding = 4; lastKnownFileType = sourcecode.c.objc; path = MJRefreshGifHeader.m; sourceTree = "<group>"; };
		4B9E44251E8643CD00B4FABD /* MJRefreshNormalHeader.h */ = {isa = PBXFileReference; fileEncoding = 4; lastKnownFileType = sourcecode.c.h; path = MJRefreshNormalHeader.h; sourceTree = "<group>"; };
		4B9E44261E8643CD00B4FABD /* MJRefreshNormalHeader.m */ = {isa = PBXFileReference; fileEncoding = 4; lastKnownFileType = sourcecode.c.objc; path = MJRefreshNormalHeader.m; sourceTree = "<group>"; };
		4B9E44271E8643CD00B4FABD /* MJRefreshStateHeader.h */ = {isa = PBXFileReference; fileEncoding = 4; lastKnownFileType = sourcecode.c.h; path = MJRefreshStateHeader.h; sourceTree = "<group>"; };
		4B9E44281E8643CD00B4FABD /* MJRefreshStateHeader.m */ = {isa = PBXFileReference; fileEncoding = 4; lastKnownFileType = sourcecode.c.objc; path = MJRefreshStateHeader.m; sourceTree = "<group>"; };
		4B9E44291E8643CD00B4FABD /* MJRefresh.bundle */ = {isa = PBXFileReference; lastKnownFileType = "wrapper.plug-in"; path = MJRefresh.bundle; sourceTree = "<group>"; };
		4B9E442A1E8643CD00B4FABD /* MJRefresh.h */ = {isa = PBXFileReference; fileEncoding = 4; lastKnownFileType = sourcecode.c.h; path = MJRefresh.h; sourceTree = "<group>"; };
		4B9E442B1E8643CD00B4FABD /* MJRefreshConst.h */ = {isa = PBXFileReference; fileEncoding = 4; lastKnownFileType = sourcecode.c.h; path = MJRefreshConst.h; sourceTree = "<group>"; };
		4B9E442C1E8643CD00B4FABD /* MJRefreshConst.m */ = {isa = PBXFileReference; fileEncoding = 4; lastKnownFileType = sourcecode.c.objc; path = MJRefreshConst.m; sourceTree = "<group>"; };
		4B9E442D1E8643CD00B4FABD /* NSBundle+MJRefresh.h */ = {isa = PBXFileReference; fileEncoding = 4; lastKnownFileType = sourcecode.c.h; path = "NSBundle+MJRefresh.h"; sourceTree = "<group>"; };
		4B9E442E1E8643CD00B4FABD /* NSBundle+MJRefresh.m */ = {isa = PBXFileReference; fileEncoding = 4; lastKnownFileType = sourcecode.c.objc; path = "NSBundle+MJRefresh.m"; sourceTree = "<group>"; };
		4B9E442F1E8643CD00B4FABD /* UIScrollView+MJExtension.h */ = {isa = PBXFileReference; fileEncoding = 4; lastKnownFileType = sourcecode.c.h; path = "UIScrollView+MJExtension.h"; sourceTree = "<group>"; };
		4B9E44301E8643CD00B4FABD /* UIScrollView+MJExtension.m */ = {isa = PBXFileReference; fileEncoding = 4; lastKnownFileType = sourcecode.c.objc; path = "UIScrollView+MJExtension.m"; sourceTree = "<group>"; };
		4B9E44311E8643CD00B4FABD /* UIScrollView+MJRefresh.h */ = {isa = PBXFileReference; fileEncoding = 4; lastKnownFileType = sourcecode.c.h; path = "UIScrollView+MJRefresh.h"; sourceTree = "<group>"; };
		4B9E44321E8643CD00B4FABD /* UIScrollView+MJRefresh.m */ = {isa = PBXFileReference; fileEncoding = 4; lastKnownFileType = sourcecode.c.objc; path = "UIScrollView+MJRefresh.m"; sourceTree = "<group>"; };
		4B9E44331E8643CD00B4FABD /* UIView+MJExtension.h */ = {isa = PBXFileReference; fileEncoding = 4; lastKnownFileType = sourcecode.c.h; path = "UIView+MJExtension.h"; sourceTree = "<group>"; };
		4B9E44341E8643CD00B4FABD /* UIView+MJExtension.m */ = {isa = PBXFileReference; fileEncoding = 4; lastKnownFileType = sourcecode.c.objc; path = "UIView+MJExtension.m"; sourceTree = "<group>"; };
		4BA157111E762E2E0087D279 /* InterestController.h */ = {isa = PBXFileReference; fileEncoding = 4; lastKnownFileType = sourcecode.c.h; path = InterestController.h; sourceTree = "<group>"; };
		4BA157121E762E2E0087D279 /* InterestController.m */ = {isa = PBXFileReference; fileEncoding = 4; lastKnownFileType = sourcecode.c.objc; path = InterestController.m; sourceTree = "<group>"; };
		4BA157141E7636BB0087D279 /* InterestCell.h */ = {isa = PBXFileReference; fileEncoding = 4; lastKnownFileType = sourcecode.c.h; path = InterestCell.h; sourceTree = "<group>"; };
		4BA157151E7636BB0087D279 /* InterestCell.m */ = {isa = PBXFileReference; fileEncoding = 4; lastKnownFileType = sourcecode.c.objc; path = InterestCell.m; sourceTree = "<group>"; };
		4BA157181E766BEE0087D279 /* ChangeUserInfoController.h */ = {isa = PBXFileReference; fileEncoding = 4; lastKnownFileType = sourcecode.c.h; path = ChangeUserInfoController.h; sourceTree = "<group>"; };
		4BA157191E766BEE0087D279 /* ChangeUserInfoController.m */ = {isa = PBXFileReference; fileEncoding = 4; lastKnownFileType = sourcecode.c.objc; path = ChangeUserInfoController.m; sourceTree = "<group>"; };
		4BA1571E1E766C580087D279 /* AccountManagementController.h */ = {isa = PBXFileReference; fileEncoding = 4; lastKnownFileType = sourcecode.c.h; path = AccountManagementController.h; sourceTree = "<group>"; };
		4BA1571F1E766C580087D279 /* AccountManagementController.m */ = {isa = PBXFileReference; fileEncoding = 4; lastKnownFileType = sourcecode.c.objc; path = AccountManagementController.m; sourceTree = "<group>"; };
		4BA157211E766C7C0087D279 /* MyTicketController.h */ = {isa = PBXFileReference; fileEncoding = 4; lastKnownFileType = sourcecode.c.h; path = MyTicketController.h; sourceTree = "<group>"; };
		4BA157221E766C7C0087D279 /* MyTicketController.m */ = {isa = PBXFileReference; fileEncoding = 4; lastKnownFileType = sourcecode.c.objc; path = MyTicketController.m; sourceTree = "<group>"; };
		4BA157271E769BB60087D279 /* ChooseGenderView.h */ = {isa = PBXFileReference; fileEncoding = 4; lastKnownFileType = sourcecode.c.h; path = ChooseGenderView.h; sourceTree = "<group>"; };
		4BA157281E769BB60087D279 /* ChooseGenderView.m */ = {isa = PBXFileReference; fileEncoding = 4; lastKnownFileType = sourcecode.c.objc; path = ChooseGenderView.m; sourceTree = "<group>"; };
		4BA1572A1E769BD70087D279 /* ChooseBirthdayView.h */ = {isa = PBXFileReference; fileEncoding = 4; lastKnownFileType = sourcecode.c.h; path = ChooseBirthdayView.h; sourceTree = "<group>"; };
		4BA1572B1E769BD70087D279 /* ChooseBirthdayView.m */ = {isa = PBXFileReference; fileEncoding = 4; lastKnownFileType = sourcecode.c.objc; path = ChooseBirthdayView.m; sourceTree = "<group>"; };
		4BA1572D1E769BEA0087D279 /* ChooseAdressView.h */ = {isa = PBXFileReference; fileEncoding = 4; lastKnownFileType = sourcecode.c.h; path = ChooseAdressView.h; sourceTree = "<group>"; };
		4BA1572E1E769BEA0087D279 /* ChooseAdressView.m */ = {isa = PBXFileReference; fileEncoding = 4; lastKnownFileType = sourcecode.c.objc; path = ChooseAdressView.m; sourceTree = "<group>"; };
		4BA1F00C1E731BA500B4EED4 /* IQNSArray+Sort.h */ = {isa = PBXFileReference; fileEncoding = 4; lastKnownFileType = sourcecode.c.h; path = "IQNSArray+Sort.h"; sourceTree = "<group>"; };
		4BA1F00D1E731BA500B4EED4 /* IQNSArray+Sort.m */ = {isa = PBXFileReference; fileEncoding = 4; lastKnownFileType = sourcecode.c.objc; path = "IQNSArray+Sort.m"; sourceTree = "<group>"; };
		4BA1F00E1E731BA500B4EED4 /* IQUIScrollView+Additions.h */ = {isa = PBXFileReference; fileEncoding = 4; lastKnownFileType = sourcecode.c.h; path = "IQUIScrollView+Additions.h"; sourceTree = "<group>"; };
		4BA1F00F1E731BA500B4EED4 /* IQUIScrollView+Additions.m */ = {isa = PBXFileReference; fileEncoding = 4; lastKnownFileType = sourcecode.c.objc; path = "IQUIScrollView+Additions.m"; sourceTree = "<group>"; };
		4BA1F0101E731BA500B4EED4 /* IQUITextFieldView+Additions.h */ = {isa = PBXFileReference; fileEncoding = 4; lastKnownFileType = sourcecode.c.h; path = "IQUITextFieldView+Additions.h"; sourceTree = "<group>"; };
		4BA1F0111E731BA500B4EED4 /* IQUITextFieldView+Additions.m */ = {isa = PBXFileReference; fileEncoding = 4; lastKnownFileType = sourcecode.c.objc; path = "IQUITextFieldView+Additions.m"; sourceTree = "<group>"; };
		4BA1F0121E731BA500B4EED4 /* IQUIView+Hierarchy.h */ = {isa = PBXFileReference; fileEncoding = 4; lastKnownFileType = sourcecode.c.h; path = "IQUIView+Hierarchy.h"; sourceTree = "<group>"; };
		4BA1F0131E731BA500B4EED4 /* IQUIView+Hierarchy.m */ = {isa = PBXFileReference; fileEncoding = 4; lastKnownFileType = sourcecode.c.objc; path = "IQUIView+Hierarchy.m"; sourceTree = "<group>"; };
		4BA1F0141E731BA500B4EED4 /* IQUIViewController+Additions.h */ = {isa = PBXFileReference; fileEncoding = 4; lastKnownFileType = sourcecode.c.h; path = "IQUIViewController+Additions.h"; sourceTree = "<group>"; };
		4BA1F0151E731BA500B4EED4 /* IQUIViewController+Additions.m */ = {isa = PBXFileReference; fileEncoding = 4; lastKnownFileType = sourcecode.c.objc; path = "IQUIViewController+Additions.m"; sourceTree = "<group>"; };
		4BA1F0161E731BA500B4EED4 /* IQUIWindow+Hierarchy.h */ = {isa = PBXFileReference; fileEncoding = 4; lastKnownFileType = sourcecode.c.h; path = "IQUIWindow+Hierarchy.h"; sourceTree = "<group>"; };
		4BA1F0171E731BA500B4EED4 /* IQUIWindow+Hierarchy.m */ = {isa = PBXFileReference; fileEncoding = 4; lastKnownFileType = sourcecode.c.objc; path = "IQUIWindow+Hierarchy.m"; sourceTree = "<group>"; };
		4BA1F0191E731BA500B4EED4 /* IQKeyboardManagerConstants.h */ = {isa = PBXFileReference; fileEncoding = 4; lastKnownFileType = sourcecode.c.h; path = IQKeyboardManagerConstants.h; sourceTree = "<group>"; };
		4BA1F01A1E731BA500B4EED4 /* IQKeyboardManagerConstantsInternal.h */ = {isa = PBXFileReference; fileEncoding = 4; lastKnownFileType = sourcecode.c.h; path = IQKeyboardManagerConstantsInternal.h; sourceTree = "<group>"; };
		4BA1F01B1E731BA500B4EED4 /* IQKeyboardManager.h */ = {isa = PBXFileReference; fileEncoding = 4; lastKnownFileType = sourcecode.c.h; path = IQKeyboardManager.h; sourceTree = "<group>"; };
		4BA1F01C1E731BA500B4EED4 /* IQKeyboardManager.m */ = {isa = PBXFileReference; fileEncoding = 4; lastKnownFileType = sourcecode.c.objc; path = IQKeyboardManager.m; sourceTree = "<group>"; };
		4BA1F01D1E731BA500B4EED4 /* IQKeyboardReturnKeyHandler.h */ = {isa = PBXFileReference; fileEncoding = 4; lastKnownFileType = sourcecode.c.h; path = IQKeyboardReturnKeyHandler.h; sourceTree = "<group>"; };
		4BA1F01E1E731BA500B4EED4 /* IQKeyboardReturnKeyHandler.m */ = {isa = PBXFileReference; fileEncoding = 4; lastKnownFileType = sourcecode.c.objc; path = IQKeyboardReturnKeyHandler.m; sourceTree = "<group>"; };
		4BA1F0201E731BA500B4EED4 /* IQTextView.h */ = {isa = PBXFileReference; fileEncoding = 4; lastKnownFileType = sourcecode.c.h; path = IQTextView.h; sourceTree = "<group>"; };
		4BA1F0211E731BA500B4EED4 /* IQTextView.m */ = {isa = PBXFileReference; fileEncoding = 4; lastKnownFileType = sourcecode.c.objc; path = IQTextView.m; sourceTree = "<group>"; };
		4BA1F0231E731BA500B4EED4 /* IQBarButtonItem.h */ = {isa = PBXFileReference; fileEncoding = 4; lastKnownFileType = sourcecode.c.h; path = IQBarButtonItem.h; sourceTree = "<group>"; };
		4BA1F0241E731BA500B4EED4 /* IQBarButtonItem.m */ = {isa = PBXFileReference; fileEncoding = 4; lastKnownFileType = sourcecode.c.objc; path = IQBarButtonItem.m; sourceTree = "<group>"; };
		4BA1F0251E731BA500B4EED4 /* IQPreviousNextView.h */ = {isa = PBXFileReference; fileEncoding = 4; lastKnownFileType = sourcecode.c.h; path = IQPreviousNextView.h; sourceTree = "<group>"; };
		4BA1F0261E731BA500B4EED4 /* IQPreviousNextView.m */ = {isa = PBXFileReference; fileEncoding = 4; lastKnownFileType = sourcecode.c.objc; path = IQPreviousNextView.m; sourceTree = "<group>"; };
		4BA1F0271E731BA500B4EED4 /* IQTitleBarButtonItem.h */ = {isa = PBXFileReference; fileEncoding = 4; lastKnownFileType = sourcecode.c.h; path = IQTitleBarButtonItem.h; sourceTree = "<group>"; };
		4BA1F0281E731BA500B4EED4 /* IQTitleBarButtonItem.m */ = {isa = PBXFileReference; fileEncoding = 4; lastKnownFileType = sourcecode.c.objc; path = IQTitleBarButtonItem.m; sourceTree = "<group>"; };
		4BA1F0291E731BA500B4EED4 /* IQToolbar.h */ = {isa = PBXFileReference; fileEncoding = 4; lastKnownFileType = sourcecode.c.h; path = IQToolbar.h; sourceTree = "<group>"; };
		4BA1F02A1E731BA500B4EED4 /* IQToolbar.m */ = {isa = PBXFileReference; fileEncoding = 4; lastKnownFileType = sourcecode.c.objc; path = IQToolbar.m; sourceTree = "<group>"; };
		4BA1F02B1E731BA500B4EED4 /* IQUIView+IQKeyboardToolbar.h */ = {isa = PBXFileReference; fileEncoding = 4; lastKnownFileType = sourcecode.c.h; path = "IQUIView+IQKeyboardToolbar.h"; sourceTree = "<group>"; };
		4BA1F02C1E731BA500B4EED4 /* IQUIView+IQKeyboardToolbar.m */ = {isa = PBXFileReference; fileEncoding = 4; lastKnownFileType = sourcecode.c.objc; path = "IQUIView+IQKeyboardToolbar.m"; sourceTree = "<group>"; };
		4BA1F02E1E731BA500B4EED4 /* IQKeyboardManager.bundle */ = {isa = PBXFileReference; lastKnownFileType = "wrapper.plug-in"; path = IQKeyboardManager.bundle; sourceTree = "<group>"; };
		4BAF8F281E821CDE009FE028 /* BlackWebController.h */ = {isa = PBXFileReference; fileEncoding = 4; lastKnownFileType = sourcecode.c.h; path = BlackWebController.h; sourceTree = "<group>"; };
		4BAF8F291E821CDE009FE028 /* BlackWebController.m */ = {isa = PBXFileReference; fileEncoding = 4; lastKnownFileType = sourcecode.c.objc; path = BlackWebController.m; sourceTree = "<group>"; };
		4BAF8F2C1E825C9A009FE028 /* ChooseHeadTypeView.h */ = {isa = PBXFileReference; fileEncoding = 4; lastKnownFileType = sourcecode.c.h; path = ChooseHeadTypeView.h; sourceTree = "<group>"; };
		4BAF8F2D1E825C9A009FE028 /* ChooseHeadTypeView.m */ = {isa = PBXFileReference; fileEncoding = 4; lastKnownFileType = sourcecode.c.objc; path = ChooseHeadTypeView.m; sourceTree = "<group>"; };
		4BB0761B1E70EA8E00D8DF4B /* MainBtnView.h */ = {isa = PBXFileReference; fileEncoding = 4; lastKnownFileType = sourcecode.c.h; path = MainBtnView.h; sourceTree = "<group>"; };
		4BB0761C1E70EA8E00D8DF4B /* MainBtnView.m */ = {isa = PBXFileReference; fileEncoding = 4; lastKnownFileType = sourcecode.c.objc; path = MainBtnView.m; sourceTree = "<group>"; };
		4BB0761E1E70EAA100D8DF4B /* MainBtnView.xib */ = {isa = PBXFileReference; fileEncoding = 4; lastKnownFileType = file.xib; path = MainBtnView.xib; sourceTree = "<group>"; };
		4BB076211E712DD300D8DF4B /* MainCell.h */ = {isa = PBXFileReference; fileEncoding = 4; lastKnownFileType = sourcecode.c.h; path = MainCell.h; sourceTree = "<group>"; };
		4BB076221E712DD300D8DF4B /* MainCell.m */ = {isa = PBXFileReference; fileEncoding = 4; lastKnownFileType = sourcecode.c.objc; path = MainCell.m; sourceTree = "<group>"; };
		4BB076291E71427100D8DF4B /* UserInfoController.h */ = {isa = PBXFileReference; fileEncoding = 4; lastKnownFileType = sourcecode.c.h; path = UserInfoController.h; sourceTree = "<group>"; };
		4BB0762A1E71427100D8DF4B /* UserInfoController.m */ = {isa = PBXFileReference; fileEncoding = 4; lastKnownFileType = sourcecode.c.objc; path = UserInfoController.m; sourceTree = "<group>"; };
		4BBB65F71E7FBDFD0076201D /* AFHTTPSessionManager.h */ = {isa = PBXFileReference; fileEncoding = 4; lastKnownFileType = sourcecode.c.h; path = AFHTTPSessionManager.h; sourceTree = "<group>"; };
		4BBB65F81E7FBDFD0076201D /* AFHTTPSessionManager.m */ = {isa = PBXFileReference; fileEncoding = 4; lastKnownFileType = sourcecode.c.objc; path = AFHTTPSessionManager.m; sourceTree = "<group>"; };
		4BBB65F91E7FBDFD0076201D /* AFNetworking.h */ = {isa = PBXFileReference; fileEncoding = 4; lastKnownFileType = sourcecode.c.h; path = AFNetworking.h; sourceTree = "<group>"; };
		4BBB65FA1E7FBDFD0076201D /* AFNetworkReachabilityManager.h */ = {isa = PBXFileReference; fileEncoding = 4; lastKnownFileType = sourcecode.c.h; path = AFNetworkReachabilityManager.h; sourceTree = "<group>"; };
		4BBB65FB1E7FBDFD0076201D /* AFNetworkReachabilityManager.m */ = {isa = PBXFileReference; fileEncoding = 4; lastKnownFileType = sourcecode.c.objc; path = AFNetworkReachabilityManager.m; sourceTree = "<group>"; };
		4BBB65FC1E7FBDFD0076201D /* AFSecurityPolicy.h */ = {isa = PBXFileReference; fileEncoding = 4; lastKnownFileType = sourcecode.c.h; path = AFSecurityPolicy.h; sourceTree = "<group>"; };
		4BBB65FD1E7FBDFD0076201D /* AFSecurityPolicy.m */ = {isa = PBXFileReference; fileEncoding = 4; lastKnownFileType = sourcecode.c.objc; path = AFSecurityPolicy.m; sourceTree = "<group>"; };
		4BBB65FE1E7FBDFD0076201D /* AFURLRequestSerialization.h */ = {isa = PBXFileReference; fileEncoding = 4; lastKnownFileType = sourcecode.c.h; path = AFURLRequestSerialization.h; sourceTree = "<group>"; };
		4BBB65FF1E7FBDFD0076201D /* AFURLRequestSerialization.m */ = {isa = PBXFileReference; fileEncoding = 4; lastKnownFileType = sourcecode.c.objc; path = AFURLRequestSerialization.m; sourceTree = "<group>"; };
		4BBB66001E7FBDFD0076201D /* AFURLResponseSerialization.h */ = {isa = PBXFileReference; fileEncoding = 4; lastKnownFileType = sourcecode.c.h; path = AFURLResponseSerialization.h; sourceTree = "<group>"; };
		4BBB66011E7FBDFD0076201D /* AFURLResponseSerialization.m */ = {isa = PBXFileReference; fileEncoding = 4; lastKnownFileType = sourcecode.c.objc; path = AFURLResponseSerialization.m; sourceTree = "<group>"; };
		4BBB66021E7FBDFD0076201D /* AFURLSessionManager.h */ = {isa = PBXFileReference; fileEncoding = 4; lastKnownFileType = sourcecode.c.h; path = AFURLSessionManager.h; sourceTree = "<group>"; };
		4BBB66031E7FBDFD0076201D /* AFURLSessionManager.m */ = {isa = PBXFileReference; fileEncoding = 4; lastKnownFileType = sourcecode.c.objc; path = AFURLSessionManager.m; sourceTree = "<group>"; };
		4BBB66741E7FC1FC0076201D /* AFNRequest.h */ = {isa = PBXFileReference; fileEncoding = 4; lastKnownFileType = sourcecode.c.h; path = AFNRequest.h; sourceTree = "<group>"; };
		4BBB66751E7FC1FC0076201D /* AFNRequest.m */ = {isa = PBXFileReference; fileEncoding = 4; lastKnownFileType = sourcecode.c.objc; path = AFNRequest.m; sourceTree = "<group>"; };
		4BBB66881E7FD15F0076201D /* SVProgressHUD.bundle */ = {isa = PBXFileReference; lastKnownFileType = "wrapper.plug-in"; path = SVProgressHUD.bundle; sourceTree = "<group>"; };
		4BBB66891E7FD15F0076201D /* SVProgressHUD.h */ = {isa = PBXFileReference; fileEncoding = 4; lastKnownFileType = sourcecode.c.h; path = SVProgressHUD.h; sourceTree = "<group>"; };
		4BBB668A1E7FD15F0076201D /* SVProgressHUD.m */ = {isa = PBXFileReference; fileEncoding = 4; lastKnownFileType = sourcecode.c.objc; path = SVProgressHUD.m; sourceTree = "<group>"; };
		4BCC619F1E7792E7002C7FF9 /* AddressItem.h */ = {isa = PBXFileReference; fileEncoding = 4; lastKnownFileType = sourcecode.c.h; path = AddressItem.h; sourceTree = "<group>"; };
		4BCC61A01E7792E7002C7FF9 /* AddressItem.m */ = {isa = PBXFileReference; fileEncoding = 4; lastKnownFileType = sourcecode.c.objc; path = AddressItem.m; sourceTree = "<group>"; };
		4BCC61A41E77934C002C7FF9 /* AddressTableViewCell.h */ = {isa = PBXFileReference; fileEncoding = 4; lastKnownFileType = sourcecode.c.h; path = AddressTableViewCell.h; sourceTree = "<group>"; };
		4BCC61A51E77934C002C7FF9 /* AddressTableViewCell.m */ = {isa = PBXFileReference; fileEncoding = 4; lastKnownFileType = sourcecode.c.objc; path = AddressTableViewCell.m; sourceTree = "<group>"; };
		4BCC61A61E77934C002C7FF9 /* AddressTableViewCell.xib */ = {isa = PBXFileReference; fileEncoding = 4; lastKnownFileType = file.xib; path = AddressTableViewCell.xib; sourceTree = "<group>"; };
		4BCC61A71E77934C002C7FF9 /* AddressView.h */ = {isa = PBXFileReference; fileEncoding = 4; lastKnownFileType = sourcecode.c.h; path = AddressView.h; sourceTree = "<group>"; };
		4BCC61A81E77934C002C7FF9 /* AddressView.m */ = {isa = PBXFileReference; fileEncoding = 4; lastKnownFileType = sourcecode.c.objc; path = AddressView.m; sourceTree = "<group>"; };
		4BCC61A91E77934C002C7FF9 /* ChooseLocationView.h */ = {isa = PBXFileReference; fileEncoding = 4; lastKnownFileType = sourcecode.c.h; path = ChooseLocationView.h; sourceTree = "<group>"; };
		4BCC61AA1E77934C002C7FF9 /* ChooseLocationView.m */ = {isa = PBXFileReference; fileEncoding = 4; lastKnownFileType = sourcecode.c.objc; path = ChooseLocationView.m; sourceTree = "<group>"; };
		4BCC61B01E77938E002C7FF9 /* UIView+Frame.h */ = {isa = PBXFileReference; fileEncoding = 4; lastKnownFileType = sourcecode.c.h; path = "UIView+Frame.h"; sourceTree = "<group>"; };
		4BCC61B11E77938E002C7FF9 /* UIView+Frame.m */ = {isa = PBXFileReference; fileEncoding = 4; lastKnownFileType = sourcecode.c.objc; path = "UIView+Frame.m"; sourceTree = "<group>"; };
		4BCC61B41E7793AC002C7FF9 /* FMDatabase.h */ = {isa = PBXFileReference; fileEncoding = 4; lastKnownFileType = sourcecode.c.h; path = FMDatabase.h; sourceTree = "<group>"; };
		4BCC61B51E7793AC002C7FF9 /* FMDatabase.m */ = {isa = PBXFileReference; fileEncoding = 4; lastKnownFileType = sourcecode.c.objc; path = FMDatabase.m; sourceTree = "<group>"; };
		4BCC61B61E7793AC002C7FF9 /* FMDatabaseAdditions.h */ = {isa = PBXFileReference; fileEncoding = 4; lastKnownFileType = sourcecode.c.h; path = FMDatabaseAdditions.h; sourceTree = "<group>"; };
		4BCC61B71E7793AC002C7FF9 /* FMDatabaseAdditions.m */ = {isa = PBXFileReference; fileEncoding = 4; lastKnownFileType = sourcecode.c.objc; path = FMDatabaseAdditions.m; sourceTree = "<group>"; };
		4BCC61B81E7793AC002C7FF9 /* FMDatabasePool.h */ = {isa = PBXFileReference; fileEncoding = 4; lastKnownFileType = sourcecode.c.h; path = FMDatabasePool.h; sourceTree = "<group>"; };
		4BCC61B91E7793AC002C7FF9 /* FMDatabasePool.m */ = {isa = PBXFileReference; fileEncoding = 4; lastKnownFileType = sourcecode.c.objc; path = FMDatabasePool.m; sourceTree = "<group>"; };
		4BCC61BA1E7793AC002C7FF9 /* FMDatabaseQueue.h */ = {isa = PBXFileReference; fileEncoding = 4; lastKnownFileType = sourcecode.c.h; path = FMDatabaseQueue.h; sourceTree = "<group>"; };
		4BCC61BB1E7793AC002C7FF9 /* FMDatabaseQueue.m */ = {isa = PBXFileReference; fileEncoding = 4; lastKnownFileType = sourcecode.c.objc; path = FMDatabaseQueue.m; sourceTree = "<group>"; };
		4BCC61BC1E7793AC002C7FF9 /* FMDB.h */ = {isa = PBXFileReference; fileEncoding = 4; lastKnownFileType = sourcecode.c.h; path = FMDB.h; sourceTree = "<group>"; };
		4BCC61BD1E7793AC002C7FF9 /* FMResultSet.h */ = {isa = PBXFileReference; fileEncoding = 4; lastKnownFileType = sourcecode.c.h; path = FMResultSet.h; sourceTree = "<group>"; };
		4BCC61BE1E7793AC002C7FF9 /* FMResultSet.m */ = {isa = PBXFileReference; fileEncoding = 4; lastKnownFileType = sourcecode.c.objc; path = FMResultSet.m; sourceTree = "<group>"; };
		4BCC61BF1E7793AC002C7FF9 /* Info.plist */ = {isa = PBXFileReference; fileEncoding = 4; lastKnownFileType = text.plist.xml; path = Info.plist; sourceTree = "<group>"; };
		4BCC61C71E7793DB002C7FF9 /* CitiesDataTool.h */ = {isa = PBXFileReference; fileEncoding = 4; lastKnownFileType = sourcecode.c.h; path = CitiesDataTool.h; sourceTree = "<group>"; };
		4BCC61C81E7793DB002C7FF9 /* CitiesDataTool.m */ = {isa = PBXFileReference; fileEncoding = 4; lastKnownFileType = sourcecode.c.objc; path = CitiesDataTool.m; sourceTree = "<group>"; };
		4BCC61CA1E779492002C7FF9 /* libsqlite3.0.tbd */ = {isa = PBXFileReference; lastKnownFileType = "sourcecode.text-based-dylib-definition"; name = libsqlite3.0.tbd; path = usr/lib/libsqlite3.0.tbd; sourceTree = SDKROOT; };
		4BCC61CC1E779538002C7FF9 /* Cities.json */ = {isa = PBXFileReference; fileEncoding = 4; lastKnownFileType = text.json; path = Cities.json; sourceTree = "<group>"; };
		4BE872DC1E80BF3A004F174E /* MapKit.framework */ = {isa = PBXFileReference; lastKnownFileType = wrapper.framework; name = MapKit.framework; path = System/Library/Frameworks/MapKit.framework; sourceTree = SDKROOT; };
		4BE872DE1E80BF4B004F174E /* ImageIO.framework */ = {isa = PBXFileReference; lastKnownFileType = wrapper.framework; name = ImageIO.framework; path = System/Library/Frameworks/ImageIO.framework; sourceTree = SDKROOT; };
		4BE8743A1E80C415004F174E /* MKAnnotationView+WebCache.h */ = {isa = PBXFileReference; fileEncoding = 4; lastKnownFileType = sourcecode.c.h; path = "MKAnnotationView+WebCache.h"; sourceTree = "<group>"; };
		4BE8743B1E80C415004F174E /* MKAnnotationView+WebCache.m */ = {isa = PBXFileReference; fileEncoding = 4; lastKnownFileType = sourcecode.c.objc; path = "MKAnnotationView+WebCache.m"; sourceTree = "<group>"; };
		4BE8743C1E80C415004F174E /* NSData+ImageContentType.h */ = {isa = PBXFileReference; fileEncoding = 4; lastKnownFileType = sourcecode.c.h; path = "NSData+ImageContentType.h"; sourceTree = "<group>"; };
		4BE8743D1E80C415004F174E /* NSData+ImageContentType.m */ = {isa = PBXFileReference; fileEncoding = 4; lastKnownFileType = sourcecode.c.objc; path = "NSData+ImageContentType.m"; sourceTree = "<group>"; };
		4BE8743E1E80C415004F174E /* SDImageCache.h */ = {isa = PBXFileReference; fileEncoding = 4; lastKnownFileType = sourcecode.c.h; path = SDImageCache.h; sourceTree = "<group>"; };
		4BE8743F1E80C415004F174E /* SDImageCache.m */ = {isa = PBXFileReference; fileEncoding = 4; lastKnownFileType = sourcecode.c.objc; path = SDImageCache.m; sourceTree = "<group>"; };
		4BE874401E80C415004F174E /* SDWebImageCompat.h */ = {isa = PBXFileReference; fileEncoding = 4; lastKnownFileType = sourcecode.c.h; path = SDWebImageCompat.h; sourceTree = "<group>"; };
		4BE874411E80C415004F174E /* SDWebImageCompat.m */ = {isa = PBXFileReference; fileEncoding = 4; lastKnownFileType = sourcecode.c.objc; path = SDWebImageCompat.m; sourceTree = "<group>"; };
		4BE874421E80C415004F174E /* SDWebImageDecoder.h */ = {isa = PBXFileReference; fileEncoding = 4; lastKnownFileType = sourcecode.c.h; path = SDWebImageDecoder.h; sourceTree = "<group>"; };
		4BE874431E80C415004F174E /* SDWebImageDecoder.m */ = {isa = PBXFileReference; fileEncoding = 4; lastKnownFileType = sourcecode.c.objc; path = SDWebImageDecoder.m; sourceTree = "<group>"; };
		4BE874441E80C415004F174E /* SDWebImageDownloader.h */ = {isa = PBXFileReference; fileEncoding = 4; lastKnownFileType = sourcecode.c.h; path = SDWebImageDownloader.h; sourceTree = "<group>"; };
		4BE874451E80C415004F174E /* SDWebImageDownloader.m */ = {isa = PBXFileReference; fileEncoding = 4; lastKnownFileType = sourcecode.c.objc; path = SDWebImageDownloader.m; sourceTree = "<group>"; };
		4BE874461E80C415004F174E /* SDWebImageDownloaderOperation.h */ = {isa = PBXFileReference; fileEncoding = 4; lastKnownFileType = sourcecode.c.h; path = SDWebImageDownloaderOperation.h; sourceTree = "<group>"; };
		4BE874471E80C415004F174E /* SDWebImageDownloaderOperation.m */ = {isa = PBXFileReference; fileEncoding = 4; lastKnownFileType = sourcecode.c.objc; path = SDWebImageDownloaderOperation.m; sourceTree = "<group>"; };
		4BE874481E80C415004F174E /* SDWebImageManager.h */ = {isa = PBXFileReference; fileEncoding = 4; lastKnownFileType = sourcecode.c.h; path = SDWebImageManager.h; sourceTree = "<group>"; };
		4BE874491E80C415004F174E /* SDWebImageManager.m */ = {isa = PBXFileReference; fileEncoding = 4; lastKnownFileType = sourcecode.c.objc; path = SDWebImageManager.m; sourceTree = "<group>"; };
		4BE8744A1E80C415004F174E /* SDWebImageOperation.h */ = {isa = PBXFileReference; fileEncoding = 4; lastKnownFileType = sourcecode.c.h; path = SDWebImageOperation.h; sourceTree = "<group>"; };
		4BE8744B1E80C415004F174E /* SDWebImagePrefetcher.h */ = {isa = PBXFileReference; fileEncoding = 4; lastKnownFileType = sourcecode.c.h; path = SDWebImagePrefetcher.h; sourceTree = "<group>"; };
		4BE8744C1E80C415004F174E /* SDWebImagePrefetcher.m */ = {isa = PBXFileReference; fileEncoding = 4; lastKnownFileType = sourcecode.c.objc; path = SDWebImagePrefetcher.m; sourceTree = "<group>"; };
		4BE8744D1E80C415004F174E /* UIButton+WebCache.h */ = {isa = PBXFileReference; fileEncoding = 4; lastKnownFileType = sourcecode.c.h; path = "UIButton+WebCache.h"; sourceTree = "<group>"; };
		4BE8744E1E80C415004F174E /* UIButton+WebCache.m */ = {isa = PBXFileReference; fileEncoding = 4; lastKnownFileType = sourcecode.c.objc; path = "UIButton+WebCache.m"; sourceTree = "<group>"; };
		4BE8744F1E80C415004F174E /* UIImage+GIF.h */ = {isa = PBXFileReference; fileEncoding = 4; lastKnownFileType = sourcecode.c.h; path = "UIImage+GIF.h"; sourceTree = "<group>"; };
		4BE874501E80C415004F174E /* UIImage+GIF.m */ = {isa = PBXFileReference; fileEncoding = 4; lastKnownFileType = sourcecode.c.objc; path = "UIImage+GIF.m"; sourceTree = "<group>"; };
		4BE874511E80C415004F174E /* UIImage+MultiFormat.h */ = {isa = PBXFileReference; fileEncoding = 4; lastKnownFileType = sourcecode.c.h; path = "UIImage+MultiFormat.h"; sourceTree = "<group>"; };
		4BE874521E80C415004F174E /* UIImage+MultiFormat.m */ = {isa = PBXFileReference; fileEncoding = 4; lastKnownFileType = sourcecode.c.objc; path = "UIImage+MultiFormat.m"; sourceTree = "<group>"; };
		4BE874531E80C415004F174E /* UIImage+WebP.h */ = {isa = PBXFileReference; fileEncoding = 4; lastKnownFileType = sourcecode.c.h; path = "UIImage+WebP.h"; sourceTree = "<group>"; };
		4BE874541E80C415004F174E /* UIImage+WebP.m */ = {isa = PBXFileReference; fileEncoding = 4; lastKnownFileType = sourcecode.c.objc; path = "UIImage+WebP.m"; sourceTree = "<group>"; };
		4BE874551E80C415004F174E /* UIImageView+HighlightedWebCache.h */ = {isa = PBXFileReference; fileEncoding = 4; lastKnownFileType = sourcecode.c.h; path = "UIImageView+HighlightedWebCache.h"; sourceTree = "<group>"; };
		4BE874561E80C415004F174E /* UIImageView+HighlightedWebCache.m */ = {isa = PBXFileReference; fileEncoding = 4; lastKnownFileType = sourcecode.c.objc; path = "UIImageView+HighlightedWebCache.m"; sourceTree = "<group>"; };
		4BE874571E80C415004F174E /* UIImageView+WebCache.h */ = {isa = PBXFileReference; fileEncoding = 4; lastKnownFileType = sourcecode.c.h; path = "UIImageView+WebCache.h"; sourceTree = "<group>"; };
		4BE874581E80C415004F174E /* UIImageView+WebCache.m */ = {isa = PBXFileReference; fileEncoding = 4; lastKnownFileType = sourcecode.c.objc; path = "UIImageView+WebCache.m"; sourceTree = "<group>"; };
		4BE874591E80C415004F174E /* UIView+WebCacheOperation.h */ = {isa = PBXFileReference; fileEncoding = 4; lastKnownFileType = sourcecode.c.h; path = "UIView+WebCacheOperation.h"; sourceTree = "<group>"; };
		4BE8745A1E80C415004F174E /* UIView+WebCacheOperation.m */ = {isa = PBXFileReference; fileEncoding = 4; lastKnownFileType = sourcecode.c.objc; path = "UIView+WebCacheOperation.m"; sourceTree = "<group>"; };
/* End PBXFileReference section */

/* Begin PBXFrameworksBuildPhase section */
		4B7F8C441E6FBF6100686040 /* Frameworks */ = {
			isa = PBXFrameworksBuildPhase;
			buildActionMask = 2147483647;
			files = (
				4BE874381E80C282004F174E /* MapKit.framework in Frameworks */,
				4BE874371E80C27A004F174E /* ImageIO.framework in Frameworks */,
				4BCC61CB1E779492002C7FF9 /* libsqlite3.0.tbd in Frameworks */,
			);
			runOnlyForDeploymentPostprocessing = 0;
		};
/* End PBXFrameworksBuildPhase section */

/* Begin PBXGroup section */
		4B00A2DA1E702DFC0084ADF6 /* 第三方库 */ = {
			isa = PBXGroup;
			children = (
				4B9E44061E8643CD00B4FABD /* MJRefresh */,
				4BE874391E80C415004F174E /* SDWebImage */,
				4BBB66871E7FD15F0076201D /* SVProgressHUD */,
				4BBB65F61E7FBDFD0076201D /* AFNetworking */,
				4BA1F00A1E731BA500B4EED4 /* IQKeyboardManager */,
				4B00A2DB1E702E1E0084ADF6 /* XRCarouselView */,
			);
			name = "第三方库";
			sourceTree = "<group>";
		};
		4B00A2DB1E702E1E0084ADF6 /* XRCarouselView */ = {
			isa = PBXGroup;
			children = (
				4B00A2DC1E702E1E0084ADF6 /* XRCarouselView.h */,
				4B00A2DD1E702E1E0084ADF6 /* XRCarouselView.m */,
				4B00A2DE1E702E1E0084ADF6 /* XRPlaceholder.png */,
			);
			path = XRCarouselView;
			sourceTree = "<group>";
		};
		4B407C0D1E828F12004B94A6 /* 用户信息 */ = {
			isa = PBXGroup;
			children = (
				4B407C0E1E828F31004B94A6 /* LoginUser.h */,
				4B407C0F1E828F31004B94A6 /* LoginUser.m */,
				4B407C111E82AAC6004B94A6 /* UserInfo.h */,
				4B407C121E82AAC6004B94A6 /* UserInfo.m */,
			);
			name = "用户信息";
			sourceTree = "<group>";
		};
		4B7F8C3E1E6FBF6100686040 = {
			isa = PBXGroup;
			children = (
				4BE872DE1E80BF4B004F174E /* ImageIO.framework */,
				4BE872DC1E80BF3A004F174E /* MapKit.framework */,
				4BCC61CA1E779492002C7FF9 /* libsqlite3.0.tbd */,
				4B7F8C491E6FBF6100686040 /* blackmad */,
				4B7F8C481E6FBF6100686040 /* Products */,
			);
			sourceTree = "<group>";
		};
		4B7F8C481E6FBF6100686040 /* Products */ = {
			isa = PBXGroup;
			children = (
				4B7F8C471E6FBF6100686040 /* blackmad.app */,
			);
			name = Products;
			sourceTree = "<group>";
		};
		4B7F8C491E6FBF6100686040 /* blackmad */ = {
			isa = PBXGroup;
			children = (
				4B00A2DA1E702DFC0084ADF6 /* 第三方库 */,
				4B7F8C641E6FE08D00686040 /* Tool */,
				4B7F8C631E6FE08B00686040 /* Modle */,
				4B7F8C621E6FE08800686040 /* View */,
				4B7F8C611E6FE08100686040 /* Controller */,
				4B7F8C4D1E6FBF6100686040 /* AppDelegate.h */,
				4B7F8C4E1E6FBF6100686040 /* AppDelegate.m */,
				4B7F8C531E6FBF6100686040 /* Main.storyboard */,
				4B7F8C561E6FBF6100686040 /* Assets.xcassets */,
				4BCC61CC1E779538002C7FF9 /* Cities.json */,
				4B7F8C581E6FBF6100686040 /* LaunchScreen.storyboard */,
				4B7F8C5B1E6FBF6100686040 /* Info.plist */,
				4B7F8C761E6FFDFD00686040 /* PrefixHeader.pch */,
				4B7F8C4A1E6FBF6100686040 /* Supporting Files */,
			);
			path = blackmad;
			sourceTree = "<group>";
		};
		4B7F8C4A1E6FBF6100686040 /* Supporting Files */ = {
			isa = PBXGroup;
			children = (
				4B7F8C4B1E6FBF6100686040 /* main.m */,
			);
			name = "Supporting Files";
			sourceTree = "<group>";
		};
		4B7F8C611E6FE08100686040 /* Controller */ = {
			isa = PBXGroup;
			children = (
				4BAF8F1E1E82112E009FE028 /* UIWebView */,
				4B8EA20E1E72823D0051EC5A /* 登录页面 */,
				4B8EA20A1E7277930051EC5A /* 启动页面 */,
				4BB076251E713F6F00D8DF4B /* 个人中心 */,
				4BB076241E713F5B00D8DF4B /* 首页 */,
			);
			name = Controller;
			sourceTree = "<group>";
		};
		4B7F8C621E6FE08800686040 /* View */ = {
			isa = PBXGroup;
			children = (
				4BA157261E769B870087D279 /* 视图控件 */,
				4B8EA2011E723FB30051EC5A /* 个人中心头视图 */,
				4BB0761A1E70EA4F00D8DF4B /* 首页Btn视图 */,
				4BB076191E70EA3800D8DF4B /* 首页头视图 */,
				4BB076201E712DA700D8DF4B /* cell */,
			);
			name = View;
			sourceTree = "<group>";
		};
		4B7F8C631E6FE08B00686040 /* Modle */ = {
			isa = PBXGroup;
			children = (
				4B407C0D1E828F12004B94A6 /* 用户信息 */,
				4B009CE51E80FC5300BB5B80 /* MainBtnListModle.h */,
				4B009CE61E80FC5300BB5B80 /* MainBtnListModle.m */,
				4B009CE81E81258000BB5B80 /* BannerListModle.h */,
				4B009CE91E81258000BB5B80 /* BannerListModle.m */,
				4B708A731E8384310064CD11 /* InterestModel.h */,
				4B708A741E8384310064CD11 /* InterestModel.m */,
				4B91F7571E88A0B00047F5E8 /* MainProductModle.h */,
				4B91F7581E88A0B00047F5E8 /* MainProductModle.m */,
				4B94CD231E8A449E00CBAE36 /* MyTicketModle.h */,
				4B94CD241E8A449E00CBAE36 /* MyTicketModle.m */,
			);
			name = Modle;
			sourceTree = "<group>";
		};
		4B7F8C641E6FE08D00686040 /* Tool */ = {
			isa = PBXGroup;
			children = (
				4BCC61A21E77932E002C7FF9 /* 仿京东收货地址 */,
				4B7F8C731E6FF51300686040 /* BaseController.h */,
				4B7F8C741E6FF51300686040 /* BaseController.m */,
				4B7F8C6B1E6FE1F700686040 /* NavBar.h */,
				4B7F8C6C1E6FE1F700686040 /* NavBar.m */,
				4B7F8C6E1E6FE2B400686040 /* NavBar.xib */,
				4BBB66741E7FC1FC0076201D /* AFNRequest.h */,
				4BBB66751E7FC1FC0076201D /* AFNRequest.m */,
			);
			name = Tool;
			sourceTree = "<group>";
		};
		4B8EA2011E723FB30051EC5A /* 个人中心头视图 */ = {
			isa = PBXGroup;
			children = (
				4B8EA2021E7240030051EC5A /* UserInfoView.h */,
				4B8EA2031E7240030051EC5A /* UserInfoView.m */,
				4B8EA2051E7240290051EC5A /* UserInfoView.xib */,
			);
			name = "个人中心头视图";
			sourceTree = "<group>";
		};
		4B8EA20A1E7277930051EC5A /* 启动页面 */ = {
			isa = PBXGroup;
			children = (
				4B8EA20B1E7278200051EC5A /* LaunchController.h */,
				4B8EA20C1E7278200051EC5A /* LaunchController.m */,
			);
			name = "启动页面";
			sourceTree = "<group>";
		};
		4B8EA20E1E72823D0051EC5A /* 登录页面 */ = {
			isa = PBXGroup;
			children = (
				4B8EA2101E7282940051EC5A /* LoginController.h */,
				4B8EA2111E7282940051EC5A /* LoginController.m */,
				4BA157101E762DD30087D279 /* 兴趣爱好 */,
			);
			name = "登录页面";
			sourceTree = "<group>";
		};
		4B9E44061E8643CD00B4FABD /* MJRefresh */ = {
			isa = PBXGroup;
			children = (
				4B9E44071E8643CD00B4FABD /* Base */,
				4B9E44121E8643CD00B4FABD /* Custom */,
				4B9E44291E8643CD00B4FABD /* MJRefresh.bundle */,
				4B9E442A1E8643CD00B4FABD /* MJRefresh.h */,
				4B9E442B1E8643CD00B4FABD /* MJRefreshConst.h */,
				4B9E442C1E8643CD00B4FABD /* MJRefreshConst.m */,
				4B9E442D1E8643CD00B4FABD /* NSBundle+MJRefresh.h */,
				4B9E442E1E8643CD00B4FABD /* NSBundle+MJRefresh.m */,
				4B9E442F1E8643CD00B4FABD /* UIScrollView+MJExtension.h */,
				4B9E44301E8643CD00B4FABD /* UIScrollView+MJExtension.m */,
				4B9E44311E8643CD00B4FABD /* UIScrollView+MJRefresh.h */,
				4B9E44321E8643CD00B4FABD /* UIScrollView+MJRefresh.m */,
				4B9E44331E8643CD00B4FABD /* UIView+MJExtension.h */,
				4B9E44341E8643CD00B4FABD /* UIView+MJExtension.m */,
			);
			path = MJRefresh;
			sourceTree = "<group>";
		};
		4B9E44071E8643CD00B4FABD /* Base */ = {
			isa = PBXGroup;
			children = (
				4B9E44081E8643CD00B4FABD /* MJRefreshAutoFooter.h */,
				4B9E44091E8643CD00B4FABD /* MJRefreshAutoFooter.m */,
				4B9E440A1E8643CD00B4FABD /* MJRefreshBackFooter.h */,
				4B9E440B1E8643CD00B4FABD /* MJRefreshBackFooter.m */,
				4B9E440C1E8643CD00B4FABD /* MJRefreshComponent.h */,
				4B9E440D1E8643CD00B4FABD /* MJRefreshComponent.m */,
				4B9E440E1E8643CD00B4FABD /* MJRefreshFooter.h */,
				4B9E440F1E8643CD00B4FABD /* MJRefreshFooter.m */,
				4B9E44101E8643CD00B4FABD /* MJRefreshHeader.h */,
				4B9E44111E8643CD00B4FABD /* MJRefreshHeader.m */,
			);
			path = Base;
			sourceTree = "<group>";
		};
		4B9E44121E8643CD00B4FABD /* Custom */ = {
			isa = PBXGroup;
			children = (
				4B9E44131E8643CD00B4FABD /* Footer */,
				4B9E44221E8643CD00B4FABD /* Header */,
			);
			path = Custom;
			sourceTree = "<group>";
		};
		4B9E44131E8643CD00B4FABD /* Footer */ = {
			isa = PBXGroup;
			children = (
				4B9E44141E8643CD00B4FABD /* Auto */,
				4B9E441B1E8643CD00B4FABD /* Back */,
			);
			path = Footer;
			sourceTree = "<group>";
		};
		4B9E44141E8643CD00B4FABD /* Auto */ = {
			isa = PBXGroup;
			children = (
				4B9E44151E8643CD00B4FABD /* MJRefreshAutoGifFooter.h */,
				4B9E44161E8643CD00B4FABD /* MJRefreshAutoGifFooter.m */,
				4B9E44171E8643CD00B4FABD /* MJRefreshAutoNormalFooter.h */,
				4B9E44181E8643CD00B4FABD /* MJRefreshAutoNormalFooter.m */,
				4B9E44191E8643CD00B4FABD /* MJRefreshAutoStateFooter.h */,
				4B9E441A1E8643CD00B4FABD /* MJRefreshAutoStateFooter.m */,
			);
			path = Auto;
			sourceTree = "<group>";
		};
		4B9E441B1E8643CD00B4FABD /* Back */ = {
			isa = PBXGroup;
			children = (
				4B9E441C1E8643CD00B4FABD /* MJRefreshBackGifFooter.h */,
				4B9E441D1E8643CD00B4FABD /* MJRefreshBackGifFooter.m */,
				4B9E441E1E8643CD00B4FABD /* MJRefreshBackNormalFooter.h */,
				4B9E441F1E8643CD00B4FABD /* MJRefreshBackNormalFooter.m */,
				4B9E44201E8643CD00B4FABD /* MJRefreshBackStateFooter.h */,
				4B9E44211E8643CD00B4FABD /* MJRefreshBackStateFooter.m */,
			);
			path = Back;
			sourceTree = "<group>";
		};
		4B9E44221E8643CD00B4FABD /* Header */ = {
			isa = PBXGroup;
			children = (
				4B9E44231E8643CD00B4FABD /* MJRefreshGifHeader.h */,
				4B9E44241E8643CD00B4FABD /* MJRefreshGifHeader.m */,
				4B9E44251E8643CD00B4FABD /* MJRefreshNormalHeader.h */,
				4B9E44261E8643CD00B4FABD /* MJRefreshNormalHeader.m */,
				4B9E44271E8643CD00B4FABD /* MJRefreshStateHeader.h */,
				4B9E44281E8643CD00B4FABD /* MJRefreshStateHeader.m */,
			);
			path = Header;
			sourceTree = "<group>";
		};
		4BA157101E762DD30087D279 /* 兴趣爱好 */ = {
			isa = PBXGroup;
			children = (
				4BA157111E762E2E0087D279 /* InterestController.h */,
				4BA157121E762E2E0087D279 /* InterestController.m */,
			);
			name = "兴趣爱好";
			sourceTree = "<group>";
		};
		4BA157171E766BA60087D279 /* 个人中心子页面 */ = {
			isa = PBXGroup;
			children = (
				4BA157181E766BEE0087D279 /* ChangeUserInfoController.h */,
				4BA157191E766BEE0087D279 /* ChangeUserInfoController.m */,
				4BA157211E766C7C0087D279 /* MyTicketController.h */,
				4BA157221E766C7C0087D279 /* MyTicketController.m */,
				4BA1571E1E766C580087D279 /* AccountManagementController.h */,
				4BA1571F1E766C580087D279 /* AccountManagementController.m */,
			);
			name = "个人中心子页面";
			sourceTree = "<group>";
		};
		4BA157261E769B870087D279 /* 视图控件 */ = {
			isa = PBXGroup;
			children = (
				4BAF8F2C1E825C9A009FE028 /* ChooseHeadTypeView.h */,
				4BAF8F2D1E825C9A009FE028 /* ChooseHeadTypeView.m */,
				4BA157271E769BB60087D279 /* ChooseGenderView.h */,
				4BA157281E769BB60087D279 /* ChooseGenderView.m */,
				4BA1572A1E769BD70087D279 /* ChooseBirthdayView.h */,
				4BA1572B1E769BD70087D279 /* ChooseBirthdayView.m */,
				4BA1572D1E769BEA0087D279 /* ChooseAdressView.h */,
				4BA1572E1E769BEA0087D279 /* ChooseAdressView.m */,
			);
			name = "视图控件";
			sourceTree = "<group>";
		};
		4BA1F00A1E731BA500B4EED4 /* IQKeyboardManager */ = {
			isa = PBXGroup;
			children = (
				4BA1F00B1E731BA500B4EED4 /* Categories */,
				4BA1F0181E731BA500B4EED4 /* Constants */,
				4BA1F01B1E731BA500B4EED4 /* IQKeyboardManager.h */,
				4BA1F01C1E731BA500B4EED4 /* IQKeyboardManager.m */,
				4BA1F01D1E731BA500B4EED4 /* IQKeyboardReturnKeyHandler.h */,
				4BA1F01E1E731BA500B4EED4 /* IQKeyboardReturnKeyHandler.m */,
				4BA1F01F1E731BA500B4EED4 /* IQTextView */,
				4BA1F0221E731BA500B4EED4 /* IQToolbar */,
				4BA1F02D1E731BA500B4EED4 /* Resources */,
			);
			path = IQKeyboardManager;
			sourceTree = "<group>";
		};
		4BA1F00B1E731BA500B4EED4 /* Categories */ = {
			isa = PBXGroup;
			children = (
				4BA1F00C1E731BA500B4EED4 /* IQNSArray+Sort.h */,
				4BA1F00D1E731BA500B4EED4 /* IQNSArray+Sort.m */,
				4BA1F00E1E731BA500B4EED4 /* IQUIScrollView+Additions.h */,
				4BA1F00F1E731BA500B4EED4 /* IQUIScrollView+Additions.m */,
				4BA1F0101E731BA500B4EED4 /* IQUITextFieldView+Additions.h */,
				4BA1F0111E731BA500B4EED4 /* IQUITextFieldView+Additions.m */,
				4BA1F0121E731BA500B4EED4 /* IQUIView+Hierarchy.h */,
				4BA1F0131E731BA500B4EED4 /* IQUIView+Hierarchy.m */,
				4BA1F0141E731BA500B4EED4 /* IQUIViewController+Additions.h */,
				4BA1F0151E731BA500B4EED4 /* IQUIViewController+Additions.m */,
				4BA1F0161E731BA500B4EED4 /* IQUIWindow+Hierarchy.h */,
				4BA1F0171E731BA500B4EED4 /* IQUIWindow+Hierarchy.m */,
			);
			path = Categories;
			sourceTree = "<group>";
		};
		4BA1F0181E731BA500B4EED4 /* Constants */ = {
			isa = PBXGroup;
			children = (
				4BA1F0191E731BA500B4EED4 /* IQKeyboardManagerConstants.h */,
				4BA1F01A1E731BA500B4EED4 /* IQKeyboardManagerConstantsInternal.h */,
			);
			path = Constants;
			sourceTree = "<group>";
		};
		4BA1F01F1E731BA500B4EED4 /* IQTextView */ = {
			isa = PBXGroup;
			children = (
				4BA1F0201E731BA500B4EED4 /* IQTextView.h */,
				4BA1F0211E731BA500B4EED4 /* IQTextView.m */,
			);
			path = IQTextView;
			sourceTree = "<group>";
		};
		4BA1F0221E731BA500B4EED4 /* IQToolbar */ = {
			isa = PBXGroup;
			children = (
				4BA1F0231E731BA500B4EED4 /* IQBarButtonItem.h */,
				4BA1F0241E731BA500B4EED4 /* IQBarButtonItem.m */,
				4BA1F0251E731BA500B4EED4 /* IQPreviousNextView.h */,
				4BA1F0261E731BA500B4EED4 /* IQPreviousNextView.m */,
				4BA1F0271E731BA500B4EED4 /* IQTitleBarButtonItem.h */,
				4BA1F0281E731BA500B4EED4 /* IQTitleBarButtonItem.m */,
				4BA1F0291E731BA500B4EED4 /* IQToolbar.h */,
				4BA1F02A1E731BA500B4EED4 /* IQToolbar.m */,
				4BA1F02B1E731BA500B4EED4 /* IQUIView+IQKeyboardToolbar.h */,
				4BA1F02C1E731BA500B4EED4 /* IQUIView+IQKeyboardToolbar.m */,
			);
			path = IQToolbar;
			sourceTree = "<group>";
		};
		4BA1F02D1E731BA500B4EED4 /* Resources */ = {
			isa = PBXGroup;
			children = (
				4BA1F02E1E731BA500B4EED4 /* IQKeyboardManager.bundle */,
			);
			path = Resources;
			sourceTree = "<group>";
		};
		4BAF8F1E1E82112E009FE028 /* UIWebView */ = {
			isa = PBXGroup;
			children = (
				4BAF8F281E821CDE009FE028 /* BlackWebController.h */,
				4BAF8F291E821CDE009FE028 /* BlackWebController.m */,
			);
			name = UIWebView;
			sourceTree = "<group>";
		};
		4BB076191E70EA3800D8DF4B /* 首页头视图 */ = {
			isa = PBXGroup;
			children = (
				4B00A2E11E702F4A0084ADF6 /* MainheadView.h */,
				4B00A2E21E702F4A0084ADF6 /* MainheadView.m */,
			);
			name = "首页头视图";
			sourceTree = "<group>";
		};
		4BB0761A1E70EA4F00D8DF4B /* 首页Btn视图 */ = {
			isa = PBXGroup;
			children = (
				4BB0761B1E70EA8E00D8DF4B /* MainBtnView.h */,
				4BB0761C1E70EA8E00D8DF4B /* MainBtnView.m */,
				4BB0761E1E70EAA100D8DF4B /* MainBtnView.xib */,
			);
			name = "首页Btn视图";
			sourceTree = "<group>";
		};
		4BB076201E712DA700D8DF4B /* cell */ = {
			isa = PBXGroup;
			children = (
				4BB076211E712DD300D8DF4B /* MainCell.h */,
				4BB076221E712DD300D8DF4B /* MainCell.m */,
				4B8EA2071E72440C0051EC5A /* UserInfoCell.h */,
				4B8EA2081E72440C0051EC5A /* UserInfoCell.m */,
				4BA157141E7636BB0087D279 /* InterestCell.h */,
				4BA157151E7636BB0087D279 /* InterestCell.m */,
				4B7F2D841E77FA0D00832821 /* MyTicketCell.h */,
				4B7F2D851E77FA0D00832821 /* MyTicketCell.m */,
			);
			name = cell;
			sourceTree = "<group>";
		};
		4BB076241E713F5B00D8DF4B /* 首页 */ = {
			isa = PBXGroup;
			children = (
				4B7F8C501E6FBF6100686040 /* ViewController.h */,
				4B7F8C511E6FBF6100686040 /* ViewController.m */,
			);
			name = "首页";
			sourceTree = "<group>";
		};
		4BB076251E713F6F00D8DF4B /* 个人中心 */ = {
			isa = PBXGroup;
			children = (
				4BB076291E71427100D8DF4B /* UserInfoController.h */,
				4BB0762A1E71427100D8DF4B /* UserInfoController.m */,
				4BA157171E766BA60087D279 /* 个人中心子页面 */,
			);
			name = "个人中心";
			sourceTree = "<group>";
		};
		4BBB65F61E7FBDFD0076201D /* AFNetworking */ = {
			isa = PBXGroup;
			children = (
				4BBB65F71E7FBDFD0076201D /* AFHTTPSessionManager.h */,
				4BBB65F81E7FBDFD0076201D /* AFHTTPSessionManager.m */,
				4BBB65F91E7FBDFD0076201D /* AFNetworking.h */,
				4BBB65FA1E7FBDFD0076201D /* AFNetworkReachabilityManager.h */,
				4BBB65FB1E7FBDFD0076201D /* AFNetworkReachabilityManager.m */,
				4BBB65FC1E7FBDFD0076201D /* AFSecurityPolicy.h */,
				4BBB65FD1E7FBDFD0076201D /* AFSecurityPolicy.m */,
				4BBB65FE1E7FBDFD0076201D /* AFURLRequestSerialization.h */,
				4BBB65FF1E7FBDFD0076201D /* AFURLRequestSerialization.m */,
				4BBB66001E7FBDFD0076201D /* AFURLResponseSerialization.h */,
				4BBB66011E7FBDFD0076201D /* AFURLResponseSerialization.m */,
				4BBB66021E7FBDFD0076201D /* AFURLSessionManager.h */,
				4BBB66031E7FBDFD0076201D /* AFURLSessionManager.m */,
			);
			path = AFNetworking;
			sourceTree = "<group>";
		};
		4BBB66871E7FD15F0076201D /* SVProgressHUD */ = {
			isa = PBXGroup;
			children = (
				4BBB66881E7FD15F0076201D /* SVProgressHUD.bundle */,
				4BBB66891E7FD15F0076201D /* SVProgressHUD.h */,
				4BBB668A1E7FD15F0076201D /* SVProgressHUD.m */,
			);
			path = SVProgressHUD;
			sourceTree = "<group>";
		};
		4BCC619E1E7792E7002C7FF9 /* AdressModel */ = {
			isa = PBXGroup;
			children = (
				4BCC619F1E7792E7002C7FF9 /* AddressItem.h */,
				4BCC61A01E7792E7002C7FF9 /* AddressItem.m */,
			);
			name = AdressModel;
			path = Model;
			sourceTree = "<group>";
		};
		4BCC61A21E77932E002C7FF9 /* 仿京东收货地址 */ = {
			isa = PBXGroup;
			children = (
				4BCC61C61E7793DB002C7FF9 /* Tool */,
				4BCC61B31E7793AC002C7FF9 /* fmdb */,
				4BCC61AF1E77938E002C7FF9 /* Category */,
				4BCC61A31E77934C002C7FF9 /* AdressView */,
				4BCC619E1E7792E7002C7FF9 /* AdressModel */,
			);
			name = "仿京东收货地址";
			sourceTree = "<group>";
		};
		4BCC61A31E77934C002C7FF9 /* AdressView */ = {
			isa = PBXGroup;
			children = (
				4BCC61A41E77934C002C7FF9 /* AddressTableViewCell.h */,
				4BCC61A51E77934C002C7FF9 /* AddressTableViewCell.m */,
				4BCC61A61E77934C002C7FF9 /* AddressTableViewCell.xib */,
				4BCC61A71E77934C002C7FF9 /* AddressView.h */,
				4BCC61A81E77934C002C7FF9 /* AddressView.m */,
				4BCC61A91E77934C002C7FF9 /* ChooseLocationView.h */,
				4BCC61AA1E77934C002C7FF9 /* ChooseLocationView.m */,
			);
			path = AdressView;
			sourceTree = "<group>";
		};
		4BCC61AF1E77938E002C7FF9 /* Category */ = {
			isa = PBXGroup;
			children = (
				4BCC61B01E77938E002C7FF9 /* UIView+Frame.h */,
				4BCC61B11E77938E002C7FF9 /* UIView+Frame.m */,
			);
			path = Category;
			sourceTree = "<group>";
		};
		4BCC61B31E7793AC002C7FF9 /* fmdb */ = {
			isa = PBXGroup;
			children = (
				4BCC61B41E7793AC002C7FF9 /* FMDatabase.h */,
				4BCC61B51E7793AC002C7FF9 /* FMDatabase.m */,
				4BCC61B61E7793AC002C7FF9 /* FMDatabaseAdditions.h */,
				4BCC61B71E7793AC002C7FF9 /* FMDatabaseAdditions.m */,
				4BCC61B81E7793AC002C7FF9 /* FMDatabasePool.h */,
				4BCC61B91E7793AC002C7FF9 /* FMDatabasePool.m */,
				4BCC61BA1E7793AC002C7FF9 /* FMDatabaseQueue.h */,
				4BCC61BB1E7793AC002C7FF9 /* FMDatabaseQueue.m */,
				4BCC61BC1E7793AC002C7FF9 /* FMDB.h */,
				4BCC61BD1E7793AC002C7FF9 /* FMResultSet.h */,
				4BCC61BE1E7793AC002C7FF9 /* FMResultSet.m */,
				4BCC61BF1E7793AC002C7FF9 /* Info.plist */,
			);
			path = fmdb;
			sourceTree = "<group>";
		};
		4BCC61C61E7793DB002C7FF9 /* Tool */ = {
			isa = PBXGroup;
			children = (
				4BCC61C71E7793DB002C7FF9 /* CitiesDataTool.h */,
				4BCC61C81E7793DB002C7FF9 /* CitiesDataTool.m */,
			);
			path = Tool;
			sourceTree = "<group>";
		};
		4BE874391E80C415004F174E /* SDWebImage */ = {
			isa = PBXGroup;
			children = (
				4BE8743A1E80C415004F174E /* MKAnnotationView+WebCache.h */,
				4BE8743B1E80C415004F174E /* MKAnnotationView+WebCache.m */,
				4BE8743C1E80C415004F174E /* NSData+ImageContentType.h */,
				4BE8743D1E80C415004F174E /* NSData+ImageContentType.m */,
				4BE8743E1E80C415004F174E /* SDImageCache.h */,
				4BE8743F1E80C415004F174E /* SDImageCache.m */,
				4BE874401E80C415004F174E /* SDWebImageCompat.h */,
				4BE874411E80C415004F174E /* SDWebImageCompat.m */,
				4BE874421E80C415004F174E /* SDWebImageDecoder.h */,
				4BE874431E80C415004F174E /* SDWebImageDecoder.m */,
				4BE874441E80C415004F174E /* SDWebImageDownloader.h */,
				4BE874451E80C415004F174E /* SDWebImageDownloader.m */,
				4BE874461E80C415004F174E /* SDWebImageDownloaderOperation.h */,
				4BE874471E80C415004F174E /* SDWebImageDownloaderOperation.m */,
				4BE874481E80C415004F174E /* SDWebImageManager.h */,
				4BE874491E80C415004F174E /* SDWebImageManager.m */,
				4BE8744A1E80C415004F174E /* SDWebImageOperation.h */,
				4BE8744B1E80C415004F174E /* SDWebImagePrefetcher.h */,
				4BE8744C1E80C415004F174E /* SDWebImagePrefetcher.m */,
				4BE8744D1E80C415004F174E /* UIButton+WebCache.h */,
				4BE8744E1E80C415004F174E /* UIButton+WebCache.m */,
				4BE8744F1E80C415004F174E /* UIImage+GIF.h */,
				4BE874501E80C415004F174E /* UIImage+GIF.m */,
				4BE874511E80C415004F174E /* UIImage+MultiFormat.h */,
				4BE874521E80C415004F174E /* UIImage+MultiFormat.m */,
				4BE874531E80C415004F174E /* UIImage+WebP.h */,
				4BE874541E80C415004F174E /* UIImage+WebP.m */,
				4BE874551E80C415004F174E /* UIImageView+HighlightedWebCache.h */,
				4BE874561E80C415004F174E /* UIImageView+HighlightedWebCache.m */,
				4BE874571E80C415004F174E /* UIImageView+WebCache.h */,
				4BE874581E80C415004F174E /* UIImageView+WebCache.m */,
				4BE874591E80C415004F174E /* UIView+WebCacheOperation.h */,
				4BE8745A1E80C415004F174E /* UIView+WebCacheOperation.m */,
			);
			path = SDWebImage;
			sourceTree = "<group>";
		};
/* End PBXGroup section */

/* Begin PBXNativeTarget section */
		4B7F8C461E6FBF6100686040 /* blackmad */ = {
			isa = PBXNativeTarget;
			buildConfigurationList = 4B7F8C5E1E6FBF6100686040 /* Build configuration list for PBXNativeTarget "blackmad" */;
			buildPhases = (
				4B7F8C431E6FBF6100686040 /* Sources */,
				4B7F8C441E6FBF6100686040 /* Frameworks */,
				4B7F8C451E6FBF6100686040 /* Resources */,
			);
			buildRules = (
			);
			dependencies = (
			);
			name = blackmad;
			productName = blackmad;
			productReference = 4B7F8C471E6FBF6100686040 /* blackmad.app */;
			productType = "com.apple.product-type.application";
		};
/* End PBXNativeTarget section */

/* Begin PBXProject section */
		4B7F8C3F1E6FBF6100686040 /* Project object */ = {
			isa = PBXProject;
			attributes = {
				LastUpgradeCheck = 0730;
				ORGANIZATIONNAME = rongyun;
				TargetAttributes = {
					4B7F8C461E6FBF6100686040 = {
						CreatedOnToolsVersion = 7.3.1;
						DevelopmentTeam = A323YWLZSV;
					};
				};
			};
			buildConfigurationList = 4B7F8C421E6FBF6100686040 /* Build configuration list for PBXProject "blackmad" */;
			compatibilityVersion = "Xcode 3.2";
			developmentRegion = English;
			hasScannedForEncodings = 0;
			knownRegions = (
				en,
				Base,
			);
			mainGroup = 4B7F8C3E1E6FBF6100686040;
			productRefGroup = 4B7F8C481E6FBF6100686040 /* Products */;
			projectDirPath = "";
			projectRoot = "";
			targets = (
				4B7F8C461E6FBF6100686040 /* blackmad */,
			);
		};
/* End PBXProject section */

/* Begin PBXResourcesBuildPhase section */
		4B7F8C451E6FBF6100686040 /* Resources */ = {
			isa = PBXResourcesBuildPhase;
			buildActionMask = 2147483647;
			files = (
				4BCC61CD1E779538002C7FF9 /* Cities.json in Resources */,
				4BB0761F1E70EAA100D8DF4B /* MainBtnView.xib in Resources */,
				4B7F8C5A1E6FBF6100686040 /* LaunchScreen.storyboard in Resources */,
				4B7F8C6F1E6FE2B400686040 /* NavBar.xib in Resources */,
				4B00A2E01E702E1E0084ADF6 /* XRPlaceholder.png in Resources */,
				4B8EA2061E7240290051EC5A /* UserInfoView.xib in Resources */,
				4BCC61AC1E77934C002C7FF9 /* AddressTableViewCell.xib in Resources */,
				4B9E44431E8643CD00B4FABD /* MJRefresh.bundle in Resources */,
				4BBB668B1E7FD15F0076201D /* SVProgressHUD.bundle in Resources */,
				4B7F8C571E6FBF6100686040 /* Assets.xcassets in Resources */,
				4BCC61C51E7793AC002C7FF9 /* Info.plist in Resources */,
				4BA1F03D1E731BA500B4EED4 /* IQKeyboardManager.bundle in Resources */,
				4B7F8C551E6FBF6100686040 /* Main.storyboard in Resources */,
			);
			runOnlyForDeploymentPostprocessing = 0;
		};
/* End PBXResourcesBuildPhase section */

/* Begin PBXSourcesBuildPhase section */
		4B7F8C431E6FBF6100686040 /* Sources */ = {
			isa = PBXSourcesBuildPhase;
			buildActionMask = 2147483647;
			files = (
				4B8EA2091E72440C0051EC5A /* UserInfoCell.m in Sources */,
				4BE874621E80C415004F174E /* SDWebImageManager.m in Sources */,
				4BA1F0301E731BA500B4EED4 /* IQUIScrollView+Additions.m in Sources */,
				4B00A2E31E702F4A0084ADF6 /* MainheadView.m in Sources */,
				4BCC61AB1E77934C002C7FF9 /* AddressTableViewCell.m in Sources */,
				4BA1F03C1E731BA500B4EED4 /* IQUIView+IQKeyboardToolbar.m in Sources */,
				4B9E44361E8643CD00B4FABD /* MJRefreshBackFooter.m in Sources */,
				4BA1F0391E731BA500B4EED4 /* IQPreviousNextView.m in Sources */,
				4B9E44371E8643CD00B4FABD /* MJRefreshComponent.m in Sources */,
				4BE874661E80C415004F174E /* UIImage+MultiFormat.m in Sources */,
				4BA157131E762E2E0087D279 /* InterestController.m in Sources */,
				4BCC61C11E7793AC002C7FF9 /* FMDatabaseAdditions.m in Sources */,
				4B009CE71E80FC5300BB5B80 /* MainBtnListModle.m in Sources */,
				4BCC61AE1E77934C002C7FF9 /* ChooseLocationView.m in Sources */,
				4BCC61C01E7793AC002C7FF9 /* FMDatabase.m in Sources */,
				4BBB66291E7FBDFE0076201D /* AFURLRequestSerialization.m in Sources */,
				4BCC61C41E7793AC002C7FF9 /* FMResultSet.m in Sources */,
				4BAF8F2E1E825C9A009FE028 /* ChooseHeadTypeView.m in Sources */,
				4B8906A61E81676D006D9A4A /* AFNRequest.m in Sources */,
				4BE874651E80C415004F174E /* UIImage+GIF.m in Sources */,
				4B9E443E1E8643CD00B4FABD /* MJRefreshBackNormalFooter.m in Sources */,
				4B8EA20D1E7278200051EC5A /* LaunchController.m in Sources */,
				4BA1572F1E769BEA0087D279 /* ChooseAdressView.m in Sources */,
				4BE874631E80C415004F174E /* SDWebImagePrefetcher.m in Sources */,
				4BA1F03B1E731BA500B4EED4 /* IQToolbar.m in Sources */,
				4BBB662B1E7FBDFE0076201D /* AFURLSessionManager.m in Sources */,
				4B9E443F1E8643CD00B4FABD /* MJRefreshBackStateFooter.m in Sources */,
				4B8EA2041E7240030051EC5A /* UserInfoView.m in Sources */,
				4B7F8C6D1E6FE1F700686040 /* NavBar.m in Sources */,
				4BA1571A1E766BEE0087D279 /* ChangeUserInfoController.m in Sources */,
				4B9E44411E8643CD00B4FABD /* MJRefreshNormalHeader.m in Sources */,
				4B7F8C751E6FF51300686040 /* BaseController.m in Sources */,
				4BA157231E766C7C0087D279 /* MyTicketController.m in Sources */,
				4BCC61C91E7793DB002C7FF9 /* CitiesDataTool.m in Sources */,
				4B9E44391E8643CD00B4FABD /* MJRefreshHeader.m in Sources */,
				4BE874641E80C415004F174E /* UIButton+WebCache.m in Sources */,
				4B9E44351E8643CD00B4FABD /* MJRefreshAutoFooter.m in Sources */,
				4BA1F0341E731BA500B4EED4 /* IQUIWindow+Hierarchy.m in Sources */,
				4BE874691E80C415004F174E /* UIImageView+WebCache.m in Sources */,
				4B9E44401E8643CD00B4FABD /* MJRefreshGifHeader.m in Sources */,
				4BA1F0311E731BA500B4EED4 /* IQUITextFieldView+Additions.m in Sources */,
				4BCC61A11E7792E7002C7FF9 /* AddressItem.m in Sources */,
				4BE874601E80C415004F174E /* SDWebImageDownloader.m in Sources */,
				4BCC61C21E7793AC002C7FF9 /* FMDatabasePool.m in Sources */,
				4B00A2DF1E702E1E0084ADF6 /* XRCarouselView.m in Sources */,
				4BE874671E80C415004F174E /* UIImage+WebP.m in Sources */,
				4BBB668C1E7FD15F0076201D /* SVProgressHUD.m in Sources */,
				4B8EA2121E7282940051EC5A /* LoginController.m in Sources */,
				4BA157291E769BB60087D279 /* ChooseGenderView.m in Sources */,
				4BBB66271E7FBDFE0076201D /* AFNetworkReachabilityManager.m in Sources */,
				4BA1F0331E731BA500B4EED4 /* IQUIViewController+Additions.m in Sources */,
				4BCC61B21E77938E002C7FF9 /* UIView+Frame.m in Sources */,
				4BA1F03A1E731BA500B4EED4 /* IQTitleBarButtonItem.m in Sources */,
				4BA157201E766C580087D279 /* AccountManagementController.m in Sources */,
				4B9E44441E8643CD00B4FABD /* MJRefreshConst.m in Sources */,
				4BB0761D1E70EA8E00D8DF4B /* MainBtnView.m in Sources */,
				4BE8745E1E80C415004F174E /* SDWebImageCompat.m in Sources */,
				4B9E443A1E8643CD00B4FABD /* MJRefreshAutoGifFooter.m in Sources */,
				4B9E44451E8643CD00B4FABD /* NSBundle+MJRefresh.m in Sources */,
				4BAF8F2A1E821CDE009FE028 /* BlackWebController.m in Sources */,
				4B9E44461E8643CD00B4FABD /* UIScrollView+MJExtension.m in Sources */,
				4BA1F0361E731BA500B4EED4 /* IQKeyboardReturnKeyHandler.m in Sources */,
				4B407C101E828F31004B94A6 /* LoginUser.m in Sources */,
				4BA157161E7636BB0087D279 /* InterestCell.m in Sources */,
				4B9E44421E8643CD00B4FABD /* MJRefreshStateHeader.m in Sources */,
				4B407C131E82AAC6004B94A6 /* UserInfo.m in Sources */,
				4B91F7591E88A0B00047F5E8 /* MainProductModle.m in Sources */,
				4BA1F0381E731BA500B4EED4 /* IQBarButtonItem.m in Sources */,
				4BA1572C1E769BD70087D279 /* ChooseBirthdayView.m in Sources */,
				4BBB66261E7FBDFE0076201D /* AFHTTPSessionManager.m in Sources */,
				4BE8745F1E80C415004F174E /* SDWebImageDecoder.m in Sources */,
				4BE8746A1E80C415004F174E /* UIView+WebCacheOperation.m in Sources */,
				4BCC61C31E7793AC002C7FF9 /* FMDatabaseQueue.m in Sources */,
				4B009CEA1E81258000BB5B80 /* BannerListModle.m in Sources */,
				4BA1F02F1E731BA500B4EED4 /* IQNSArray+Sort.m in Sources */,
				4B7F8C521E6FBF6100686040 /* ViewController.m in Sources */,
				4B7F2D861E77FA0D00832821 /* MyTicketCell.m in Sources */,
				4B94CD251E8A449E00CBAE36 /* MyTicketModle.m in Sources */,
				4BA1F0351E731BA500B4EED4 /* IQKeyboardManager.m in Sources */,
				4BCC61AD1E77934C002C7FF9 /* AddressView.m in Sources */,
				4B708A751E8384310064CD11 /* InterestModel.m in Sources */,
				4B9E443D1E8643CD00B4FABD /* MJRefreshBackGifFooter.m in Sources */,
				4BBB662A1E7FBDFE0076201D /* AFURLResponseSerialization.m in Sources */,
				4BB0762B1E71427100D8DF4B /* UserInfoController.m in Sources */,
				4B7F8C4F1E6FBF6100686040 /* AppDelegate.m in Sources */,
				4BA1F0371E731BA500B4EED4 /* IQTextView.m in Sources */,
				4BE8745D1E80C415004F174E /* SDImageCache.m in Sources */,
				4B9E44381E8643CD00B4FABD /* MJRefreshFooter.m in Sources */,
				4B9E443C1E8643CD00B4FABD /* MJRefreshAutoStateFooter.m in Sources */,
				4B9E44481E8643CD00B4FABD /* UIView+MJExtension.m in Sources */,
				4BBB66281E7FBDFE0076201D /* AFSecurityPolicy.m in Sources */,
				4BE8745B1E80C415004F174E /* MKAnnotationView+WebCache.m in Sources */,
				4B9E443B1E8643CD00B4FABD /* MJRefreshAutoNormalFooter.m in Sources */,
				4B7F8C4C1E6FBF6100686040 /* main.m in Sources */,
				4BA1F0321E731BA500B4EED4 /* IQUIView+Hierarchy.m in Sources */,
				4B9E44471E8643CD00B4FABD /* UIScrollView+MJRefresh.m in Sources */,
				4BE874611E80C415004F174E /* SDWebImageDownloaderOperation.m in Sources */,
				4BE8745C1E80C415004F174E /* NSData+ImageContentType.m in Sources */,
				4BE874681E80C415004F174E /* UIImageView+HighlightedWebCache.m in Sources */,
				4BB076231E712DD300D8DF4B /* MainCell.m in Sources */,
			);
			runOnlyForDeploymentPostprocessing = 0;
		};
/* End PBXSourcesBuildPhase section */

/* Begin PBXVariantGroup section */
		4B7F8C531E6FBF6100686040 /* Main.storyboard */ = {
			isa = PBXVariantGroup;
			children = (
				4B7F8C541E6FBF6100686040 /* Base */,
			);
			name = Main.storyboard;
			sourceTree = "<group>";
		};
		4B7F8C581E6FBF6100686040 /* LaunchScreen.storyboard */ = {
			isa = PBXVariantGroup;
			children = (
				4B7F8C591E6FBF6100686040 /* Base */,
			);
			name = LaunchScreen.storyboard;
			sourceTree = "<group>";
		};
/* End PBXVariantGroup section */

/* Begin XCBuildConfiguration section */
		4B7F8C5C1E6FBF6100686040 /* Debug */ = {
			isa = XCBuildConfiguration;
			buildSettings = {
				ALWAYS_SEARCH_USER_PATHS = NO;
				CLANG_ANALYZER_NONNULL = YES;
				CLANG_CXX_LANGUAGE_STANDARD = "gnu++0x";
				CLANG_CXX_LIBRARY = "libc++";
				CLANG_ENABLE_MODULES = YES;
				CLANG_ENABLE_OBJC_ARC = YES;
				CLANG_WARN_BOOL_CONVERSION = YES;
				CLANG_WARN_CONSTANT_CONVERSION = YES;
				CLANG_WARN_DIRECT_OBJC_ISA_USAGE = YES_ERROR;
				CLANG_WARN_EMPTY_BODY = YES;
				CLANG_WARN_ENUM_CONVERSION = YES;
				CLANG_WARN_INT_CONVERSION = YES;
				CLANG_WARN_OBJC_ROOT_CLASS = YES_ERROR;
				CLANG_WARN_UNREACHABLE_CODE = YES;
				CLANG_WARN__DUPLICATE_METHOD_MATCH = YES;
				"CODE_SIGN_IDENTITY[sdk=iphoneos*]" = "iPhone Developer";
				COPY_PHASE_STRIP = NO;
				DEBUG_INFORMATION_FORMAT = dwarf;
				ENABLE_STRICT_OBJC_MSGSEND = YES;
				ENABLE_TESTABILITY = YES;
				GCC_C_LANGUAGE_STANDARD = gnu99;
				GCC_DYNAMIC_NO_PIC = NO;
				GCC_NO_COMMON_BLOCKS = YES;
				GCC_OPTIMIZATION_LEVEL = 0;
				GCC_PREPROCESSOR_DEFINITIONS = (
					"DEBUG=1",
					"$(inherited)",
				);
				GCC_WARN_64_TO_32_BIT_CONVERSION = YES;
				GCC_WARN_ABOUT_RETURN_TYPE = YES_ERROR;
				GCC_WARN_UNDECLARED_SELECTOR = YES;
				GCC_WARN_UNINITIALIZED_AUTOS = YES_AGGRESSIVE;
				GCC_WARN_UNUSED_FUNCTION = YES;
				GCC_WARN_UNUSED_VARIABLE = YES;
				IPHONEOS_DEPLOYMENT_TARGET = 9.3;
				MTL_ENABLE_DEBUG_INFO = YES;
				ONLY_ACTIVE_ARCH = YES;
				SDKROOT = iphoneos;
			};
			name = Debug;
		};
		4B7F8C5D1E6FBF6100686040 /* Release */ = {
			isa = XCBuildConfiguration;
			buildSettings = {
				ALWAYS_SEARCH_USER_PATHS = NO;
				CLANG_ANALYZER_NONNULL = YES;
				CLANG_CXX_LANGUAGE_STANDARD = "gnu++0x";
				CLANG_CXX_LIBRARY = "libc++";
				CLANG_ENABLE_MODULES = YES;
				CLANG_ENABLE_OBJC_ARC = YES;
				CLANG_WARN_BOOL_CONVERSION = YES;
				CLANG_WARN_CONSTANT_CONVERSION = YES;
				CLANG_WARN_DIRECT_OBJC_ISA_USAGE = YES_ERROR;
				CLANG_WARN_EMPTY_BODY = YES;
				CLANG_WARN_ENUM_CONVERSION = YES;
				CLANG_WARN_INT_CONVERSION = YES;
				CLANG_WARN_OBJC_ROOT_CLASS = YES_ERROR;
				CLANG_WARN_UNREACHABLE_CODE = YES;
				CLANG_WARN__DUPLICATE_METHOD_MATCH = YES;
				"CODE_SIGN_IDENTITY[sdk=iphoneos*]" = "iPhone Developer";
				COPY_PHASE_STRIP = NO;
				DEBUG_INFORMATION_FORMAT = "dwarf-with-dsym";
				ENABLE_NS_ASSERTIONS = NO;
				ENABLE_STRICT_OBJC_MSGSEND = YES;
				GCC_C_LANGUAGE_STANDARD = gnu99;
				GCC_NO_COMMON_BLOCKS = YES;
				GCC_WARN_64_TO_32_BIT_CONVERSION = YES;
				GCC_WARN_ABOUT_RETURN_TYPE = YES_ERROR;
				GCC_WARN_UNDECLARED_SELECTOR = YES;
				GCC_WARN_UNINITIALIZED_AUTOS = YES_AGGRESSIVE;
				GCC_WARN_UNUSED_FUNCTION = YES;
				GCC_WARN_UNUSED_VARIABLE = YES;
				IPHONEOS_DEPLOYMENT_TARGET = 9.3;
				MTL_ENABLE_DEBUG_INFO = NO;
				SDKROOT = iphoneos;
				VALIDATE_PRODUCT = YES;
			};
			name = Release;
		};
		4B7F8C5F1E6FBF6100686040 /* Debug */ = {
			isa = XCBuildConfiguration;
			buildSettings = {
				ASSETCATALOG_COMPILER_APPICON_NAME = AppIcon;
				CODE_SIGN_IDENTITY = "iPhone Developer";
				"CODE_SIGN_IDENTITY[sdk=iphoneos*]" = "iPhone Developer";
				GCC_PRECOMPILE_PREFIX_HEADER = YES;
				GCC_PREFIX_HEADER = "$(SRCROOT)/blackmad/PrefixHeader.pch";
				INFOPLIST_FILE = blackmad/Info.plist;
				IPHONEOS_DEPLOYMENT_TARGET = 6.0;
				LD_RUNPATH_SEARCH_PATHS = "$(inherited) @executable_path/Frameworks";
				PRODUCT_BUNDLE_IDENTIFIER = com.blackmad;
				PRODUCT_NAME = "$(TARGET_NAME)";
				PROVISIONING_PROFILE = "";
			};
			name = Debug;
		};
		4B7F8C601E6FBF6100686040 /* Release */ = {
			isa = XCBuildConfiguration;
			buildSettings = {
				ASSETCATALOG_COMPILER_APPICON_NAME = AppIcon;
				CODE_SIGN_IDENTITY = "iPhone Developer";
				"CODE_SIGN_IDENTITY[sdk=iphoneos*]" = "iPhone Developer";
				GCC_PRECOMPILE_PREFIX_HEADER = YES;
				GCC_PREFIX_HEADER = "$(SRCROOT)/blackmad/PrefixHeader.pch";
				INFOPLIST_FILE = blackmad/Info.plist;
				IPHONEOS_DEPLOYMENT_TARGET = 6.0;
				LD_RUNPATH_SEARCH_PATHS = "$(inherited) @executable_path/Frameworks";
				PRODUCT_BUNDLE_IDENTIFIER = com.blackmad;
				PRODUCT_NAME = "$(TARGET_NAME)";
				PROVISIONING_PROFILE = "";
			};
			name = Release;
		};
/* End XCBuildConfiguration section */

/* Begin XCConfigurationList section */
		4B7F8C421E6FBF6100686040 /* Build configuration list for PBXProject "blackmad" */ = {
			isa = XCConfigurationList;
			buildConfigurations = (
				4B7F8C5C1E6FBF6100686040 /* Debug */,
				4B7F8C5D1E6FBF6100686040 /* Release */,
			);
			defaultConfigurationIsVisible = 0;
			defaultConfigurationName = Release;
		};
		4B7F8C5E1E6FBF6100686040 /* Build configuration list for PBXNativeTarget "blackmad" */ = {
			isa = XCConfigurationList;
			buildConfigurations = (
				4B7F8C5F1E6FBF6100686040 /* Debug */,
				4B7F8C601E6FBF6100686040 /* Release */,
			);
			defaultConfigurationIsVisible = 0;
			defaultConfigurationName = Release;
		};
/* End XCConfigurationList section */
	};
	rootObject = 4B7F8C3F1E6FBF6100686040 /* Project object */;
}
