// !$*UTF8*$!
{
	archiveVersion = 1;
	classes = {
	};
	objectVersion = 46;
	objects = {

/* Begin PBXBuildFile section */
		4B00A2DF1E702E1E0084ADF6 /* XRCarouselView.m in Sources */ = {isa = PBXBuildFile; fileRef = 4B00A2DD1E702E1E0084ADF6 /* XRCarouselView.m */; };
		4B00A2E01E702E1E0084ADF6 /* XRPlaceholder.png in Resources */ = {isa = PBXBuildFile; fileRef = 4B00A2DE1E702E1E0084ADF6 /* XRPlaceholder.png */; };
		4B00A2E31E702F4A0084ADF6 /* MainheadView.m in Sources */ = {isa = PBXBuildFile; fileRef = 4B00A2E21E702F4A0084ADF6 /* MainheadView.m */; };
		4B7F8C4C1E6FBF6100686040 /* main.m in Sources */ = {isa = PBXBuildFile; fileRef = 4B7F8C4B1E6FBF6100686040 /* main.m */; };
		4B7F8C4F1E6FBF6100686040 /* AppDelegate.m in Sources */ = {isa = PBXBuildFile; fileRef = 4B7F8C4E1E6FBF6100686040 /* AppDelegate.m */; };
		4B7F8C521E6FBF6100686040 /* ViewController.m in Sources */ = {isa = PBXBuildFile; fileRef = 4B7F8C511E6FBF6100686040 /* ViewController.m */; };
		4B7F8C551E6FBF6100686040 /* Main.storyboard in Resources */ = {isa = PBXBuildFile; fileRef = 4B7F8C531E6FBF6100686040 /* Main.storyboard */; };
		4B7F8C571E6FBF6100686040 /* Assets.xcassets in Resources */ = {isa = PBXBuildFile; fileRef = 4B7F8C561E6FBF6100686040 /* Assets.xcassets */; };
		4B7F8C5A1E6FBF6100686040 /* LaunchScreen.storyboard in Resources */ = {isa = PBXBuildFile; fileRef = 4B7F8C581E6FBF6100686040 /* LaunchScreen.storyboard */; };
		4B7F8C6D1E6FE1F700686040 /* NavBar.m in Sources */ = {isa = PBXBuildFile; fileRef = 4B7F8C6C1E6FE1F700686040 /* NavBar.m */; };
		4B7F8C6F1E6FE2B400686040 /* NavBar.xib in Resources */ = {isa = PBXBuildFile; fileRef = 4B7F8C6E1E6FE2B400686040 /* NavBar.xib */; };
		4B7F8C751E6FF51300686040 /* BaseController.m in Sources */ = {isa = PBXBuildFile; fileRef = 4B7F8C741E6FF51300686040 /* BaseController.m */; };
		4B8EA2041E7240030051EC5A /* UserInfoView.m in Sources */ = {isa = PBXBuildFile; fileRef = 4B8EA2031E7240030051EC5A /* UserInfoView.m */; };
		4B8EA2061E7240290051EC5A /* UserInfoView.xib in Resources */ = {isa = PBXBuildFile; fileRef = 4B8EA2051E7240290051EC5A /* UserInfoView.xib */; };
		4B8EA2091E72440C0051EC5A /* UserInfoCell.m in Sources */ = {isa = PBXBuildFile; fileRef = 4B8EA2081E72440C0051EC5A /* UserInfoCell.m */; };
		4BB0761D1E70EA8E00D8DF4B /* MainBtnView.m in Sources */ = {isa = PBXBuildFile; fileRef = 4BB0761C1E70EA8E00D8DF4B /* MainBtnView.m */; };
		4BB0761F1E70EAA100D8DF4B /* MainBtnView.xib in Resources */ = {isa = PBXBuildFile; fileRef = 4BB0761E1E70EAA100D8DF4B /* MainBtnView.xib */; };
		4BB076231E712DD300D8DF4B /* MainCell.m in Sources */ = {isa = PBXBuildFile; fileRef = 4BB076221E712DD300D8DF4B /* MainCell.m */; };
		4BB0762B1E71427100D8DF4B /* UserInfoController.m in Sources */ = {isa = PBXBuildFile; fileRef = 4BB0762A1E71427100D8DF4B /* UserInfoController.m */; };
/* End PBXBuildFile section */

/* Begin PBXFileReference section */
		4B00A2DC1E702E1E0084ADF6 /* XRCarouselView.h */ = {isa = PBXFileReference; fileEncoding = 4; lastKnownFileType = sourcecode.c.h; path = XRCarouselView.h; sourceTree = "<group>"; };
		4B00A2DD1E702E1E0084ADF6 /* XRCarouselView.m */ = {isa = PBXFileReference; fileEncoding = 4; lastKnownFileType = sourcecode.c.objc; path = XRCarouselView.m; sourceTree = "<group>"; };
		4B00A2DE1E702E1E0084ADF6 /* XRPlaceholder.png */ = {isa = PBXFileReference; lastKnownFileType = image.png; path = XRPlaceholder.png; sourceTree = "<group>"; };
		4B00A2E11E702F4A0084ADF6 /* MainheadView.h */ = {isa = PBXFileReference; fileEncoding = 4; lastKnownFileType = sourcecode.c.h; path = MainheadView.h; sourceTree = "<group>"; };
		4B00A2E21E702F4A0084ADF6 /* MainheadView.m */ = {isa = PBXFileReference; fileEncoding = 4; lastKnownFileType = sourcecode.c.objc; path = MainheadView.m; sourceTree = "<group>"; };
		4B7F8C471E6FBF6100686040 /* blackmad.app */ = {isa = PBXFileReference; explicitFileType = wrapper.application; includeInIndex = 0; path = blackmad.app; sourceTree = BUILT_PRODUCTS_DIR; };
		4B7F8C4B1E6FBF6100686040 /* main.m */ = {isa = PBXFileReference; lastKnownFileType = sourcecode.c.objc; path = main.m; sourceTree = "<group>"; };
		4B7F8C4D1E6FBF6100686040 /* AppDelegate.h */ = {isa = PBXFileReference; lastKnownFileType = sourcecode.c.h; path = AppDelegate.h; sourceTree = "<group>"; };
		4B7F8C4E1E6FBF6100686040 /* AppDelegate.m */ = {isa = PBXFileReference; lastKnownFileType = sourcecode.c.objc; path = AppDelegate.m; sourceTree = "<group>"; };
		4B7F8C501E6FBF6100686040 /* ViewController.h */ = {isa = PBXFileReference; lastKnownFileType = sourcecode.c.h; path = ViewController.h; sourceTree = "<group>"; };
		4B7F8C511E6FBF6100686040 /* ViewController.m */ = {isa = PBXFileReference; lastKnownFileType = sourcecode.c.objc; path = ViewController.m; sourceTree = "<group>"; };
		4B7F8C541E6FBF6100686040 /* Base */ = {isa = PBXFileReference; lastKnownFileType = file.storyboard; name = Base; path = Base.lproj/Main.storyboard; sourceTree = "<group>"; };
		4B7F8C561E6FBF6100686040 /* Assets.xcassets */ = {isa = PBXFileReference; lastKnownFileType = folder.assetcatalog; path = Assets.xcassets; sourceTree = "<group>"; };
		4B7F8C591E6FBF6100686040 /* Base */ = {isa = PBXFileReference; lastKnownFileType = file.storyboard; name = Base; path = Base.lproj/LaunchScreen.storyboard; sourceTree = "<group>"; };
		4B7F8C5B1E6FBF6100686040 /* Info.plist */ = {isa = PBXFileReference; lastKnownFileType = text.plist.xml; path = Info.plist; sourceTree = "<group>"; };
		4B7F8C6B1E6FE1F700686040 /* NavBar.h */ = {isa = PBXFileReference; fileEncoding = 4; lastKnownFileType = sourcecode.c.h; path = NavBar.h; sourceTree = "<group>"; };
		4B7F8C6C1E6FE1F700686040 /* NavBar.m */ = {isa = PBXFileReference; fileEncoding = 4; lastKnownFileType = sourcecode.c.objc; path = NavBar.m; sourceTree = "<group>"; };
		4B7F8C6E1E6FE2B400686040 /* NavBar.xib */ = {isa = PBXFileReference; fileEncoding = 4; lastKnownFileType = file.xib; path = NavBar.xib; sourceTree = "<group>"; };
		4B7F8C731E6FF51300686040 /* BaseController.h */ = {isa = PBXFileReference; fileEncoding = 4; lastKnownFileType = sourcecode.c.h; path = BaseController.h; sourceTree = "<group>"; };
		4B7F8C741E6FF51300686040 /* BaseController.m */ = {isa = PBXFileReference; fileEncoding = 4; lastKnownFileType = sourcecode.c.objc; path = BaseController.m; sourceTree = "<group>"; };
		4B7F8C761E6FFDFD00686040 /* PrefixHeader.pch */ = {isa = PBXFileReference; lastKnownFileType = sourcecode.c.h; path = PrefixHeader.pch; sourceTree = "<group>"; };
		4B8EA2021E7240030051EC5A /* UserInfoView.h */ = {isa = PBXFileReference; fileEncoding = 4; lastKnownFileType = sourcecode.c.h; path = UserInfoView.h; sourceTree = "<group>"; };
		4B8EA2031E7240030051EC5A /* UserInfoView.m */ = {isa = PBXFileReference; fileEncoding = 4; lastKnownFileType = sourcecode.c.objc; path = UserInfoView.m; sourceTree = "<group>"; };
		4B8EA2051E7240290051EC5A /* UserInfoView.xib */ = {isa = PBXFileReference; fileEncoding = 4; lastKnownFileType = file.xib; path = UserInfoView.xib; sourceTree = "<group>"; };
		4B8EA2071E72440C0051EC5A /* UserInfoCell.h */ = {isa = PBXFileReference; fileEncoding = 4; lastKnownFileType = sourcecode.c.h; path = UserInfoCell.h; sourceTree = "<group>"; };
		4B8EA2081E72440C0051EC5A /* UserInfoCell.m */ = {isa = PBXFileReference; fileEncoding = 4; lastKnownFileType = sourcecode.c.objc; path = UserInfoCell.m; sourceTree = "<group>"; };
		4BB0761B1E70EA8E00D8DF4B /* MainBtnView.h */ = {isa = PBXFileReference; fileEncoding = 4; lastKnownFileType = sourcecode.c.h; path = MainBtnView.h; sourceTree = "<group>"; };
		4BB0761C1E70EA8E00D8DF4B /* MainBtnView.m */ = {isa = PBXFileReference; fileEncoding = 4; lastKnownFileType = sourcecode.c.objc; path = MainBtnView.m; sourceTree = "<group>"; };
		4BB0761E1E70EAA100D8DF4B /* MainBtnView.xib */ = {isa = PBXFileReference; fileEncoding = 4; lastKnownFileType = file.xib; path = MainBtnView.xib; sourceTree = "<group>"; };
		4BB076211E712DD300D8DF4B /* MainCell.h */ = {isa = PBXFileReference; fileEncoding = 4; lastKnownFileType = sourcecode.c.h; path = MainCell.h; sourceTree = "<group>"; };
		4BB076221E712DD300D8DF4B /* MainCell.m */ = {isa = PBXFileReference; fileEncoding = 4; lastKnownFileType = sourcecode.c.objc; path = MainCell.m; sourceTree = "<group>"; };
		4BB076291E71427100D8DF4B /* UserInfoController.h */ = {isa = PBXFileReference; fileEncoding = 4; lastKnownFileType = sourcecode.c.h; path = UserInfoController.h; sourceTree = "<group>"; };
		4BB0762A1E71427100D8DF4B /* UserInfoController.m */ = {isa = PBXFileReference; fileEncoding = 4; lastKnownFileType = sourcecode.c.objc; path = UserInfoController.m; sourceTree = "<group>"; };
/* End PBXFileReference section */

/* Begin PBXFrameworksBuildPhase section */
		4B7F8C441E6FBF6100686040 /* Frameworks */ = {
			isa = PBXFrameworksBuildPhase;
			buildActionMask = 2147483647;
			files = (
			);
			runOnlyForDeploymentPostprocessing = 0;
		};
/* End PBXFrameworksBuildPhase section */

/* Begin PBXGroup section */
		4B00A2DA1E702DFC0084ADF6 /* 第三方库 */ = {
			isa = PBXGroup;
			children = (
				4B00A2DB1E702E1E0084ADF6 /* XRCarouselView */,
			);
			name = "第三方库";
			sourceTree = "<group>";
		};
		4B00A2DB1E702E1E0084ADF6 /* XRCarouselView */ = {
			isa = PBXGroup;
			children = (
				4B00A2DC1E702E1E0084ADF6 /* XRCarouselView.h */,
				4B00A2DD1E702E1E0084ADF6 /* XRCarouselView.m */,
				4B00A2DE1E702E1E0084ADF6 /* XRPlaceholder.png */,
			);
			path = XRCarouselView;
			sourceTree = "<group>";
		};
		4B7F8C3E1E6FBF6100686040 = {
			isa = PBXGroup;
			children = (
				4B7F8C491E6FBF6100686040 /* blackmad */,
				4B7F8C481E6FBF6100686040 /* Products */,
			);
			sourceTree = "<group>";
		};
		4B7F8C481E6FBF6100686040 /* Products */ = {
			isa = PBXGroup;
			children = (
				4B7F8C471E6FBF6100686040 /* blackmad.app */,
			);
			name = Products;
			sourceTree = "<group>";
		};
		4B7F8C491E6FBF6100686040 /* blackmad */ = {
			isa = PBXGroup;
			children = (
				4B00A2DA1E702DFC0084ADF6 /* 第三方库 */,
				4B7F8C641E6FE08D00686040 /* Tool */,
				4B7F8C631E6FE08B00686040 /* Modle */,
				4B7F8C621E6FE08800686040 /* View */,
				4B7F8C611E6FE08100686040 /* Controller */,
				4B7F8C4D1E6FBF6100686040 /* AppDelegate.h */,
				4B7F8C4E1E6FBF6100686040 /* AppDelegate.m */,
				4B7F8C531E6FBF6100686040 /* Main.storyboard */,
				4B7F8C561E6FBF6100686040 /* Assets.xcassets */,
				4B7F8C581E6FBF6100686040 /* LaunchScreen.storyboard */,
				4B7F8C5B1E6FBF6100686040 /* Info.plist */,
				4B7F8C761E6FFDFD00686040 /* PrefixHeader.pch */,
				4B7F8C4A1E6FBF6100686040 /* Supporting Files */,
			);
			path = blackmad;
			sourceTree = "<group>";
		};
		4B7F8C4A1E6FBF6100686040 /* Supporting Files */ = {
			isa = PBXGroup;
			children = (
				4B7F8C4B1E6FBF6100686040 /* main.m */,
			);
			name = "Supporting Files";
			sourceTree = "<group>";
		};
		4B7F8C611E6FE08100686040 /* Controller */ = {
			isa = PBXGroup;
			children = (
				4BB076251E713F6F00D8DF4B /* 个人中心 */,
				4BB076241E713F5B00D8DF4B /* 首页 */,
			);
			name = Controller;
			sourceTree = "<group>";
		};
		4B7F8C621E6FE08800686040 /* View */ = {
			isa = PBXGroup;
			children = (
				4B8EA2011E723FB30051EC5A /* 个人中心头视图 */,
				4BB0761A1E70EA4F00D8DF4B /* 首页Btn视图 */,
				4BB076191E70EA3800D8DF4B /* 首页头视图 */,
				4BB076201E712DA700D8DF4B /* cell */,
			);
			name = View;
			sourceTree = "<group>";
		};
		4B7F8C631E6FE08B00686040 /* Modle */ = {
			isa = PBXGroup;
			children = (
			);
			name = Modle;
			sourceTree = "<group>";
		};
		4B7F8C641E6FE08D00686040 /* Tool */ = {
			isa = PBXGroup;
			children = (
				4B7F8C731E6FF51300686040 /* BaseController.h */,
				4B7F8C741E6FF51300686040 /* BaseController.m */,
				4B7F8C6B1E6FE1F700686040 /* NavBar.h */,
				4B7F8C6C1E6FE1F700686040 /* NavBar.m */,
				4B7F8C6E1E6FE2B400686040 /* NavBar.xib */,
			);
			name = Tool;
			sourceTree = "<group>";
		};
		4B8EA2011E723FB30051EC5A /* 个人中心头视图 */ = {
			isa = PBXGroup;
			children = (
				4B8EA2021E7240030051EC5A /* UserInfoView.h */,
				4B8EA2031E7240030051EC5A /* UserInfoView.m */,
				4B8EA2051E7240290051EC5A /* UserInfoView.xib */,
			);
			name = "个人中心头视图";
			sourceTree = "<group>";
		};
		4BB076191E70EA3800D8DF4B /* 首页头视图 */ = {
			isa = PBXGroup;
			children = (
				4B00A2E11E702F4A0084ADF6 /* MainheadView.h */,
				4B00A2E21E702F4A0084ADF6 /* MainheadView.m */,
			);
			name = "首页头视图";
			sourceTree = "<group>";
		};
		4BB0761A1E70EA4F00D8DF4B /* 首页Btn视图 */ = {
			isa = PBXGroup;
			children = (
				4BB0761B1E70EA8E00D8DF4B /* MainBtnView.h */,
				4BB0761C1E70EA8E00D8DF4B /* MainBtnView.m */,
				4BB0761E1E70EAA100D8DF4B /* MainBtnView.xib */,
			);
			name = "首页Btn视图";
			sourceTree = "<group>";
		};
		4BB076201E712DA700D8DF4B /* cell */ = {
			isa = PBXGroup;
			children = (
				4BB076211E712DD300D8DF4B /* MainCell.h */,
				4BB076221E712DD300D8DF4B /* MainCell.m */,
				4B8EA2071E72440C0051EC5A /* UserInfoCell.h */,
				4B8EA2081E72440C0051EC5A /* UserInfoCell.m */,
			);
			name = cell;
			sourceTree = "<group>";
		};
		4BB076241E713F5B00D8DF4B /* 首页 */ = {
			isa = PBXGroup;
			children = (
				4B7F8C501E6FBF6100686040 /* ViewController.h */,
				4B7F8C511E6FBF6100686040 /* ViewController.m */,
			);
			name = "首页";
			sourceTree = "<group>";
		};
		4BB076251E713F6F00D8DF4B /* 个人中心 */ = {
			isa = PBXGroup;
			children = (
				4BB076291E71427100D8DF4B /* UserInfoController.h */,
				4BB0762A1E71427100D8DF4B /* UserInfoController.m */,
			);
			name = "个人中心";
			sourceTree = "<group>";
		};
/* End PBXGroup section */

/* Begin PBXNativeTarget section */
		4B7F8C461E6FBF6100686040 /* blackmad */ = {
			isa = PBXNativeTarget;
			buildConfigurationList = 4B7F8C5E1E6FBF6100686040 /* Build configuration list for PBXNativeTarget "blackmad" */;
			buildPhases = (
				4B7F8C431E6FBF6100686040 /* Sources */,
				4B7F8C441E6FBF6100686040 /* Frameworks */,
				4B7F8C451E6FBF6100686040 /* Resources */,
			);
			buildRules = (
			);
			dependencies = (
			);
			name = blackmad;
			productName = blackmad;
			productReference = 4B7F8C471E6FBF6100686040 /* blackmad.app */;
			productType = "com.apple.product-type.application";
		};
/* End PBXNativeTarget section */

/* Begin PBXProject section */
		4B7F8C3F1E6FBF6100686040 /* Project object */ = {
			isa = PBXProject;
			attributes = {
				LastUpgradeCheck = 0730;
				ORGANIZATIONNAME = rongyun;
				TargetAttributes = {
					4B7F8C461E6FBF6100686040 = {
						CreatedOnToolsVersion = 7.3.1;
					};
				};
			};
			buildConfigurationList = 4B7F8C421E6FBF6100686040 /* Build configuration list for PBXProject "blackmad" */;
			compatibilityVersion = "Xcode 3.2";
			developmentRegion = English;
			hasScannedForEncodings = 0;
			knownRegions = (
				en,
				Base,
			);
			mainGroup = 4B7F8C3E1E6FBF6100686040;
			productRefGroup = 4B7F8C481E6FBF6100686040 /* Products */;
			projectDirPath = "";
			projectRoot = "";
			targets = (
				4B7F8C461E6FBF6100686040 /* blackmad */,
			);
		};
/* End PBXProject section */

/* Begin PBXResourcesBuildPhase section */
		4B7F8C451E6FBF6100686040 /* Resources */ = {
			isa = PBXResourcesBuildPhase;
			buildActionMask = 2147483647;
			files = (
				4BB0761F1E70EAA100D8DF4B /* MainBtnView.xib in Resources */,
				4B7F8C5A1E6FBF6100686040 /* LaunchScreen.storyboard in Resources */,
				4B7F8C6F1E6FE2B400686040 /* NavBar.xib in Resources */,
				4B00A2E01E702E1E0084ADF6 /* XRPlaceholder.png in Resources */,
				4B8EA2061E7240290051EC5A /* UserInfoView.xib in Resources */,
				4B7F8C571E6FBF6100686040 /* Assets.xcassets in Resources */,
				4B7F8C551E6FBF6100686040 /* Main.storyboard in Resources */,
			);
			runOnlyForDeploymentPostprocessing = 0;
		};
/* End PBXResourcesBuildPhase section */

/* Begin PBXSourcesBuildPhase section */
		4B7F8C431E6FBF6100686040 /* Sources */ = {
			isa = PBXSourcesBuildPhase;
			buildActionMask = 2147483647;
			files = (
				4B8EA2091E72440C0051EC5A /* UserInfoCell.m in Sources */,
				4B00A2E31E702F4A0084ADF6 /* MainheadView.m in Sources */,
				4B8EA2041E7240030051EC5A /* UserInfoView.m in Sources */,
				4B7F8C6D1E6FE1F700686040 /* NavBar.m in Sources */,
				4B7F8C751E6FF51300686040 /* BaseController.m in Sources */,
				4B00A2DF1E702E1E0084ADF6 /* XRCarouselView.m in Sources */,
				4BB0761D1E70EA8E00D8DF4B /* MainBtnView.m in Sources */,
				4B7F8C521E6FBF6100686040 /* ViewController.m in Sources */,
				4BB0762B1E71427100D8DF4B /* UserInfoController.m in Sources */,
				4B7F8C4F1E6FBF6100686040 /* AppDelegate.m in Sources */,
				4B7F8C4C1E6FBF6100686040 /* main.m in Sources */,
				4BB076231E712DD300D8DF4B /* MainCell.m in Sources */,
			);
			runOnlyForDeploymentPostprocessing = 0;
		};
/* End PBXSourcesBuildPhase section */

/* Begin PBXVariantGroup section */
		4B7F8C531E6FBF6100686040 /* Main.storyboard */ = {
			isa = PBXVariantGroup;
			children = (
				4B7F8C541E6FBF6100686040 /* Base */,
			);
			name = Main.storyboard;
			sourceTree = "<group>";
		};
		4B7F8C581E6FBF6100686040 /* LaunchScreen.storyboard */ = {
			isa = PBXVariantGroup;
			children = (
				4B7F8C591E6FBF6100686040 /* Base */,
			);
			name = LaunchScreen.storyboard;
			sourceTree = "<group>";
		};
/* End PBXVariantGroup section */

/* Begin XCBuildConfiguration section */
		4B7F8C5C1E6FBF6100686040 /* Debug */ = {
			isa = XCBuildConfiguration;
			buildSettings = {
				ALWAYS_SEARCH_USER_PATHS = NO;
				CLANG_ANALYZER_NONNULL = YES;
				CLANG_CXX_LANGUAGE_STANDARD = "gnu++0x";
				CLANG_CXX_LIBRARY = "libc++";
				CLANG_ENABLE_MODULES = YES;
				CLANG_ENABLE_OBJC_ARC = YES;
				CLANG_WARN_BOOL_CONVERSION = YES;
				CLANG_WARN_CONSTANT_CONVERSION = YES;
				CLANG_WARN_DIRECT_OBJC_ISA_USAGE = YES_ERROR;
				CLANG_WARN_EMPTY_BODY = YES;
				CLANG_WARN_ENUM_CONVERSION = YES;
				CLANG_WARN_INT_CONVERSION = YES;
				CLANG_WARN_OBJC_ROOT_CLASS = YES_ERROR;
				CLANG_WARN_UNREACHABLE_CODE = YES;
				CLANG_WARN__DUPLICATE_METHOD_MATCH = YES;
				"CODE_SIGN_IDENTITY[sdk=iphoneos*]" = "iPhone Developer";
				COPY_PHASE_STRIP = NO;
				DEBUG_INFORMATION_FORMAT = dwarf;
				ENABLE_STRICT_OBJC_MSGSEND = YES;
				ENABLE_TESTABILITY = YES;
				GCC_C_LANGUAGE_STANDARD = gnu99;
				GCC_DYNAMIC_NO_PIC = NO;
				GCC_NO_COMMON_BLOCKS = YES;
				GCC_OPTIMIZATION_LEVEL = 0;
				GCC_PREPROCESSOR_DEFINITIONS = (
					"DEBUG=1",
					"$(inherited)",
				);
				GCC_WARN_64_TO_32_BIT_CONVERSION = YES;
				GCC_WARN_ABOUT_RETURN_TYPE = YES_ERROR;
				GCC_WARN_UNDECLARED_SELECTOR = YES;
				GCC_WARN_UNINITIALIZED_AUTOS = YES_AGGRESSIVE;
				GCC_WARN_UNUSED_FUNCTION = YES;
				GCC_WARN_UNUSED_VARIABLE = YES;
				IPHONEOS_DEPLOYMENT_TARGET = 9.3;
				MTL_ENABLE_DEBUG_INFO = YES;
				ONLY_ACTIVE_ARCH = YES;
				SDKROOT = iphoneos;
			};
			name = Debug;
		};
		4B7F8C5D1E6FBF6100686040 /* Release */ = {
			isa = XCBuildConfiguration;
			buildSettings = {
				ALWAYS_SEARCH_USER_PATHS = NO;
				CLANG_ANALYZER_NONNULL = YES;
				CLANG_CXX_LANGUAGE_STANDARD = "gnu++0x";
				CLANG_CXX_LIBRARY = "libc++";
				CLANG_ENABLE_MODULES = YES;
				CLANG_ENABLE_OBJC_ARC = YES;
				CLANG_WARN_BOOL_CONVERSION = YES;
				CLANG_WARN_CONSTANT_CONVERSION = YES;
				CLANG_WARN_DIRECT_OBJC_ISA_USAGE = YES_ERROR;
				CLANG_WARN_EMPTY_BODY = YES;
				CLANG_WARN_ENUM_CONVERSION = YES;
				CLANG_WARN_INT_CONVERSION = YES;
				CLANG_WARN_OBJC_ROOT_CLASS = YES_ERROR;
				CLANG_WARN_UNREACHABLE_CODE = YES;
				CLANG_WARN__DUPLICATE_METHOD_MATCH = YES;
				"CODE_SIGN_IDENTITY[sdk=iphoneos*]" = "iPhone Developer";
				COPY_PHASE_STRIP = NO;
				DEBUG_INFORMATION_FORMAT = "dwarf-with-dsym";
				ENABLE_NS_ASSERTIONS = NO;
				ENABLE_STRICT_OBJC_MSGSEND = YES;
				GCC_C_LANGUAGE_STANDARD = gnu99;
				GCC_NO_COMMON_BLOCKS = YES;
				GCC_WARN_64_TO_32_BIT_CONVERSION = YES;
				GCC_WARN_ABOUT_RETURN_TYPE = YES_ERROR;
				GCC_WARN_UNDECLARED_SELECTOR = YES;
				GCC_WARN_UNINITIALIZED_AUTOS = YES_AGGRESSIVE;
				GCC_WARN_UNUSED_FUNCTION = YES;
				GCC_WARN_UNUSED_VARIABLE = YES;
				IPHONEOS_DEPLOYMENT_TARGET = 9.3;
				MTL_ENABLE_DEBUG_INFO = NO;
				SDKROOT = iphoneos;
				VALIDATE_PRODUCT = YES;
			};
			name = Release;
		};
		4B7F8C5F1E6FBF6100686040 /* Debug */ = {
			isa = XCBuildConfiguration;
			buildSettings = {
				ASSETCATALOG_COMPILER_APPICON_NAME = AppIcon;
				CODE_SIGN_IDENTITY = "iPhone Developer";
				GCC_PRECOMPILE_PREFIX_HEADER = YES;
				GCC_PREFIX_HEADER = "$(SRCROOT)/blackmad/PrefixHeader.pch";
				INFOPLIST_FILE = blackmad/Info.plist;
				IPHONEOS_DEPLOYMENT_TARGET = 6.0;
				LD_RUNPATH_SEARCH_PATHS = "$(inherited) @executable_path/Frameworks";
				PRODUCT_BUNDLE_IDENTIFIER = com.blackmad;
				PRODUCT_NAME = "$(TARGET_NAME)";
			};
			name = Debug;
		};
		4B7F8C601E6FBF6100686040 /* Release */ = {
			isa = XCBuildConfiguration;
			buildSettings = {
				ASSETCATALOG_COMPILER_APPICON_NAME = AppIcon;
				CODE_SIGN_IDENTITY = "iPhone Developer";
				GCC_PRECOMPILE_PREFIX_HEADER = YES;
				GCC_PREFIX_HEADER = "$(SRCROOT)/blackmad/PrefixHeader.pch";
				INFOPLIST_FILE = blackmad/Info.plist;
				IPHONEOS_DEPLOYMENT_TARGET = 6.0;
				LD_RUNPATH_SEARCH_PATHS = "$(inherited) @executable_path/Frameworks";
				PRODUCT_BUNDLE_IDENTIFIER = com.blackmad;
				PRODUCT_NAME = "$(TARGET_NAME)";
			};
			name = Release;
		};
/* End XCBuildConfiguration section */

/* Begin XCConfigurationList section */
		4B7F8C421E6FBF6100686040 /* Build configuration list for PBXProject "blackmad" */ = {
			isa = XCConfigurationList;
			buildConfigurations = (
				4B7F8C5C1E6FBF6100686040 /* Debug */,
				4B7F8C5D1E6FBF6100686040 /* Release */,
			);
			defaultConfigurationIsVisible = 0;
			defaultConfigurationName = Release;
		};
		4B7F8C5E1E6FBF6100686040 /* Build configuration list for PBXNativeTarget "blackmad" */ = {
			isa = XCConfigurationList;
			buildConfigurations = (
				4B7F8C5F1E6FBF6100686040 /* Debug */,
				4B7F8C601E6FBF6100686040 /* Release */,
			);
			defaultConfigurationIsVisible = 0;
			defaultConfigurationName = Release;
		};
/* End XCConfigurationList section */
	};
	rootObject = 4B7F8C3F1E6FBF6100686040 /* Project object */;
}
